
Microsoft Visual Studio Solution File, Format Version 12.00
# Visual Studio 2013
VisualStudioVersion = 12.0.31101.0
MinimumVisualStudioVersion = 10.0.40219.1
Project("{FAE04EC0-301F-11D3-BF4B-00C04F79EFBC}") = "SIM.Pipelines", "SIM.Pipelines\SIM.Pipelines.csproj", "{7A3FEDF8-DF96-4426-AA01-C2D4FD3E68C8}"
EndProject
Project("{FAE04EC0-301F-11D3-BF4B-00C04F79EFBC}") = "SIM.Adapters", "SIM.Adapters\SIM.Adapters.csproj", "{CA40C57A-EF4F-474D-BE8B-98E51AE62C1F}"
EndProject
Project("{FAE04EC0-301F-11D3-BF4B-00C04F79EFBC}") = "SIM.Base", "SIM.Base\SIM.Base.csproj", "{CA9339A0-9A7D-4900-839E-F21B7269BDAA}"
EndProject
Project("{FAE04EC0-301F-11D3-BF4B-00C04F79EFBC}") = "SIM.Products", "SIM.Products\SIM.Products.csproj", "{BC8B4EE5-C053-42E1-A5BA-07F8C41915A9}"
EndProject
Project("{FAE04EC0-301F-11D3-BF4B-00C04F79EFBC}") = "SIM.Instances", "SIM.Instances\SIM.Instances.csproj", "{CCA7B157-A743-4A5A-A03B-B6B27CB2BE1C}"
EndProject
Project("{2150E333-8FDC-42A3-9474-1A3956D46DE8}") = "UI", "UI", "{AD1198CF-70E6-415E-BF0E-995E95FF7179}"
EndProject
Project("{2150E333-8FDC-42A3-9474-1A3956D46DE8}") = "Core", "Core", "{9285A641-C759-471D-A4FE-9C92C529128C}"
EndProject
Project("{2150E333-8FDC-42A3-9474-1A3956D46DE8}") = "CLI Client", "CLI Client", "{F0F64BA4-1ED6-4062-B014-D5D67FBB45B1}"
EndProject
Project("{FAE04EC0-301F-11D3-BF4B-00C04F79EFBC}") = "SIM.Client", "SIM.Client\SIM.Client.csproj", "{77C4E17F-5C43-4334-A547-44C0E490CB8A}"
EndProject
Project("{FAE04EC0-301F-11D3-BF4B-00C04F79EFBC}") = "SIM.Core", "SIM.Core\SIM.Core.csproj", "{A124D359-B9BF-44F4-98CB-C40D3D490839}"
EndProject
Global
	GlobalSection(SolutionConfigurationPlatforms) = preSolution
		Debug|Any CPU = Debug|Any CPU
		Debug|Mixed Platforms = Debug|Mixed Platforms
		Debug|x86 = Debug|x86
		Release|Any CPU = Release|Any CPU
		Release|Mixed Platforms = Release|Mixed Platforms
		Release|x86 = Release|x86
	EndGlobalSection
	GlobalSection(ProjectConfigurationPlatforms) = postSolution
		{7A3FEDF8-DF96-4426-AA01-C2D4FD3E68C8}.Debug|Any CPU.ActiveCfg = Debug|x86
		{7A3FEDF8-DF96-4426-AA01-C2D4FD3E68C8}.Debug|Mixed Platforms.ActiveCfg = Debug|x86
		{7A3FEDF8-DF96-4426-AA01-C2D4FD3E68C8}.Debug|Mixed Platforms.Build.0 = Debug|x86
		{7A3FEDF8-DF96-4426-AA01-C2D4FD3E68C8}.Debug|x86.ActiveCfg = Debug|x86
		{7A3FEDF8-DF96-4426-AA01-C2D4FD3E68C8}.Debug|x86.Build.0 = Debug|x86
		{7A3FEDF8-DF96-4426-AA01-C2D4FD3E68C8}.Release|Any CPU.ActiveCfg = Release|x86
		{7A3FEDF8-DF96-4426-AA01-C2D4FD3E68C8}.Release|Mixed Platforms.ActiveCfg = Release|x86
		{7A3FEDF8-DF96-4426-AA01-C2D4FD3E68C8}.Release|Mixed Platforms.Build.0 = Release|x86
		{7A3FEDF8-DF96-4426-AA01-C2D4FD3E68C8}.Release|x86.ActiveCfg = Release|x86
		{7A3FEDF8-DF96-4426-AA01-C2D4FD3E68C8}.Release|x86.Build.0 = Release|x86
		{CA40C57A-EF4F-474D-BE8B-98E51AE62C1F}.Debug|Any CPU.ActiveCfg = Debug|Any CPU
		{CA40C57A-EF4F-474D-BE8B-98E51AE62C1F}.Debug|Any CPU.Build.0 = Debug|Any CPU
		{CA40C57A-EF4F-474D-BE8B-98E51AE62C1F}.Debug|Mixed Platforms.ActiveCfg = Debug|Any CPU
		{CA40C57A-EF4F-474D-BE8B-98E51AE62C1F}.Debug|Mixed Platforms.Build.0 = Debug|Any CPU
		{CA40C57A-EF4F-474D-BE8B-98E51AE62C1F}.Debug|x86.ActiveCfg = Debug|Any CPU
		{CA40C57A-EF4F-474D-BE8B-98E51AE62C1F}.Release|Any CPU.ActiveCfg = Release|Any CPU
		{CA40C57A-EF4F-474D-BE8B-98E51AE62C1F}.Release|Any CPU.Build.0 = Release|Any CPU
		{CA40C57A-EF4F-474D-BE8B-98E51AE62C1F}.Release|Mixed Platforms.ActiveCfg = Release|Any CPU
		{CA40C57A-EF4F-474D-BE8B-98E51AE62C1F}.Release|Mixed Platforms.Build.0 = Release|Any CPU
		{CA40C57A-EF4F-474D-BE8B-98E51AE62C1F}.Release|x86.ActiveCfg = Release|Any CPU
		{CA9339A0-9A7D-4900-839E-F21B7269BDAA}.Debug|Any CPU.ActiveCfg = Debug|Any CPU
		{CA9339A0-9A7D-4900-839E-F21B7269BDAA}.Debug|Any CPU.Build.0 = Debug|Any CPU
		{CA9339A0-9A7D-4900-839E-F21B7269BDAA}.Debug|Mixed Platforms.ActiveCfg = Debug|Any CPU
		{CA9339A0-9A7D-4900-839E-F21B7269BDAA}.Debug|Mixed Platforms.Build.0 = Debug|Any CPU
		{CA9339A0-9A7D-4900-839E-F21B7269BDAA}.Debug|x86.ActiveCfg = Debug|Any CPU
		{CA9339A0-9A7D-4900-839E-F21B7269BDAA}.Release|Any CPU.ActiveCfg = Release|Any CPU
		{CA9339A0-9A7D-4900-839E-F21B7269BDAA}.Release|Any CPU.Build.0 = Release|Any CPU
		{CA9339A0-9A7D-4900-839E-F21B7269BDAA}.Release|Mixed Platforms.ActiveCfg = Release|Any CPU
		{CA9339A0-9A7D-4900-839E-F21B7269BDAA}.Release|Mixed Platforms.Build.0 = Release|Any CPU
		{CA9339A0-9A7D-4900-839E-F21B7269BDAA}.Release|x86.ActiveCfg = Release|Any CPU
		{BC8B4EE5-C053-42E1-A5BA-07F8C41915A9}.Debug|Any CPU.ActiveCfg = Debug|Any CPU
		{BC8B4EE5-C053-42E1-A5BA-07F8C41915A9}.Debug|Any CPU.Build.0 = Debug|Any CPU
		{BC8B4EE5-C053-42E1-A5BA-07F8C41915A9}.Debug|Mixed Platforms.ActiveCfg = Debug|Any CPU
		{BC8B4EE5-C053-42E1-A5BA-07F8C41915A9}.Debug|Mixed Platforms.Build.0 = Debug|Any CPU
		{BC8B4EE5-C053-42E1-A5BA-07F8C41915A9}.Debug|x86.ActiveCfg = Debug|Any CPU
		{BC8B4EE5-C053-42E1-A5BA-07F8C41915A9}.Release|Any CPU.ActiveCfg = Release|Any CPU
		{BC8B4EE5-C053-42E1-A5BA-07F8C41915A9}.Release|Any CPU.Build.0 = Release|Any CPU
		{BC8B4EE5-C053-42E1-A5BA-07F8C41915A9}.Release|Mixed Platforms.ActiveCfg = Release|Any CPU
		{BC8B4EE5-C053-42E1-A5BA-07F8C41915A9}.Release|Mixed Platforms.Build.0 = Release|Any CPU
		{BC8B4EE5-C053-42E1-A5BA-07F8C41915A9}.Release|x86.ActiveCfg = Release|Any CPU
		{CCA7B157-A743-4A5A-A03B-B6B27CB2BE1C}.Debug|Any CPU.ActiveCfg = Debug|Any CPU
		{CCA7B157-A743-4A5A-A03B-B6B27CB2BE1C}.Debug|Any CPU.Build.0 = Debug|Any CPU
		{CCA7B157-A743-4A5A-A03B-B6B27CB2BE1C}.Debug|Mixed Platforms.ActiveCfg = Debug|Any CPU
		{CCA7B157-A743-4A5A-A03B-B6B27CB2BE1C}.Debug|Mixed Platforms.Build.0 = Debug|Any CPU
		{CCA7B157-A743-4A5A-A03B-B6B27CB2BE1C}.Debug|x86.ActiveCfg = Debug|Any CPU
		{CCA7B157-A743-4A5A-A03B-B6B27CB2BE1C}.Release|Any CPU.ActiveCfg = Release|Any CPU
		{CCA7B157-A743-4A5A-A03B-B6B27CB2BE1C}.Release|Any CPU.Build.0 = Release|Any CPU
		{CCA7B157-A743-4A5A-A03B-B6B27CB2BE1C}.Release|Mixed Platforms.ActiveCfg = Release|Any CPU
		{CCA7B157-A743-4A5A-A03B-B6B27CB2BE1C}.Release|Mixed Platforms.Build.0 = Release|Any CPU
		{CCA7B157-A743-4A5A-A03B-B6B27CB2BE1C}.Release|x86.ActiveCfg = Release|Any CPU
		{77C4E17F-5C43-4334-A547-44C0E490CB8A}.Debug|Any CPU.ActiveCfg = Debug|Any CPU
		{77C4E17F-5C43-4334-A547-44C0E490CB8A}.Debug|Any CPU.Build.0 = Debug|Any CPU
		{77C4E17F-5C43-4334-A547-44C0E490CB8A}.Debug|Mixed Platforms.ActiveCfg = Debug|Any CPU
		{77C4E17F-5C43-4334-A547-44C0E490CB8A}.Debug|Mixed Platforms.Build.0 = Debug|Any CPU
		{77C4E17F-5C43-4334-A547-44C0E490CB8A}.Debug|x86.ActiveCfg = Debug|Any CPU
		{77C4E17F-5C43-4334-A547-44C0E490CB8A}.Release|Any CPU.ActiveCfg = Release|Any CPU
		{77C4E17F-5C43-4334-A547-44C0E490CB8A}.Release|Any CPU.Build.0 = Release|Any CPU
		{77C4E17F-5C43-4334-A547-44C0E490CB8A}.Release|Mixed Platforms.ActiveCfg = Release|Any CPU
		{77C4E17F-5C43-4334-A547-44C0E490CB8A}.Release|Mixed Platforms.Build.0 = Release|Any CPU
		{77C4E17F-5C43-4334-A547-44C0E490CB8A}.Release|x86.ActiveCfg = Release|Any CPU
		{A124D359-B9BF-44F4-98CB-C40D3D490839}.Debug|Any CPU.ActiveCfg = Debug|Any CPU
		{A124D359-B9BF-44F4-98CB-C40D3D490839}.Debug|Any CPU.Build.0 = Debug|Any CPU
		{A124D359-B9BF-44F4-98CB-C40D3D490839}.Debug|Mixed Platforms.ActiveCfg = Debug|Any CPU
		{A124D359-B9BF-44F4-98CB-C40D3D490839}.Debug|Mixed Platforms.Build.0 = Debug|Any CPU
		{A124D359-B9BF-44F4-98CB-C40D3D490839}.Debug|x86.ActiveCfg = Debug|Any CPU
		{A124D359-B9BF-44F4-98CB-C40D3D490839}.Release|Any CPU.ActiveCfg = Release|Any CPU
		{A124D359-B9BF-44F4-98CB-C40D3D490839}.Release|Any CPU.Build.0 = Release|Any CPU
		{A124D359-B9BF-44F4-98CB-C40D3D490839}.Release|Mixed Platforms.ActiveCfg = Release|Any CPU
		{A124D359-B9BF-44F4-98CB-C40D3D490839}.Release|Mixed Platforms.Build.0 = Release|Any CPU
		{A124D359-B9BF-44F4-98CB-C40D3D490839}.Release|x86.ActiveCfg = Release|Any CPU
	EndGlobalSection
	GlobalSection(SolutionProperties) = preSolution
		HideSolutionNode = FALSE
	EndGlobalSection
	GlobalSection(NestedProjects) = preSolution
		{7A3FEDF8-DF96-4426-AA01-C2D4FD3E68C8} = {9285A641-C759-471D-A4FE-9C92C529128C}
		{CA40C57A-EF4F-474D-BE8B-98E51AE62C1F} = {9285A641-C759-471D-A4FE-9C92C529128C}
		{CA9339A0-9A7D-4900-839E-F21B7269BDAA} = {9285A641-C759-471D-A4FE-9C92C529128C}
		{BC8B4EE5-C053-42E1-A5BA-07F8C41915A9} = {9285A641-C759-471D-A4FE-9C92C529128C}
		{CCA7B157-A743-4A5A-A03B-B6B27CB2BE1C} = {9285A641-C759-471D-A4FE-9C92C529128C}
		{F0F64BA4-1ED6-4062-B014-D5D67FBB45B1} = {AD1198CF-70E6-415E-BF0E-995E95FF7179}
		{77C4E17F-5C43-4334-A547-44C0E490CB8A} = {F0F64BA4-1ED6-4062-B014-D5D67FBB45B1}
		{A124D359-B9BF-44F4-98CB-C40D3D490839} = {AD1198CF-70E6-415E-BF0E-995E95FF7179}
	EndGlobalSection
	GlobalSection(SubversionScc) = preSolution
		Svn-Managed = True
		Manager = AnkhSVN - Subversion Support for Visual Studio
	EndGlobalSection
EndGlobal
