
Microsoft Visual Studio Solution File, Format Version 12.00
# Visual Studio 2013
VisualStudioVersion = 12.0.31101.0
MinimumVisualStudioVersion = 10.0.40219.1
Project("{FAE04EC0-301F-11D3-BF4B-00C04F79EFBC}") = "SIM.Client", "SIM.Client\SIM.Client.csproj", "{77C4E17F-5C43-4334-A547-44C0E490CB8A}"
EndProject
Project("{FAE04EC0-301F-11D3-BF4B-00C04F79EFBC}") = "SIM.Client.Tests", "SIM.Client.Tests\SIM.Client.Tests.csproj", "{8D0A3BEA-10AF-438C-ADA8-6D971E3F914A}"
EndProject
Project("{FAE04EC0-301F-11D3-BF4B-00C04F79EFBC}") = "SIM.Commands", "SIM.Commands\SIM.Commands.csproj", "{A124D359-B9BF-44F4-98CB-C40D3D490839}"
EndProject
Global
	GlobalSection(SolutionConfigurationPlatforms) = preSolution
		Debug|Any CPU = Debug|Any CPU
		Release|Any CPU = Release|Any CPU
	EndGlobalSection
	GlobalSection(ProjectConfigurationPlatforms) = postSolution
		{77C4E17F-5C43-4334-A547-44C0E490CB8A}.Debug|Any CPU.ActiveCfg = Debug|Any CPU
		{77C4E17F-5C43-4334-A547-44C0E490CB8A}.Debug|Any CPU.Build.0 = Debug|Any CPU
		{77C4E17F-5C43-4334-A547-44C0E490CB8A}.Release|Any CPU.ActiveCfg = Release|Any CPU
		{77C4E17F-5C43-4334-A547-44C0E490CB8A}.Release|Any CPU.Build.0 = Release|Any CPU
		{8D0A3BEA-10AF-438C-ADA8-6D971E3F914A}.Debug|Any CPU.ActiveCfg = Debug|Any CPU
		{8D0A3BEA-10AF-438C-ADA8-6D971E3F914A}.Debug|Any CPU.Build.0 = Debug|Any CPU
		{8D0A3BEA-10AF-438C-ADA8-6D971E3F914A}.Release|Any CPU.ActiveCfg = Release|Any CPU
		{8D0A3BEA-10AF-438C-ADA8-6D971E3F914A}.Release|Any CPU.Build.0 = Release|Any CPU
		{A124D359-B9BF-44F4-98CB-C40D3D490839}.Debug|Any CPU.ActiveCfg = Debug|Any CPU
		{A124D359-B9BF-44F4-98CB-C40D3D490839}.Debug|Any CPU.Build.0 = Debug|Any CPU
		{A124D359-B9BF-44F4-98CB-C40D3D490839}.Release|Any CPU.ActiveCfg = Release|Any CPU
		{A124D359-B9BF-44F4-98CB-C40D3D490839}.Release|Any CPU.Build.0 = Release|Any CPU
	EndGlobalSection
	GlobalSection(SolutionProperties) = preSolution
		HideSolutionNode = FALSE
	EndGlobalSection
	GlobalSection(SubversionScc) = preSolution
		Svn-Managed = True
		Manager = AnkhSVN - Subversion Support for Visual Studio
	EndGlobalSection
EndGlobal
