
Microsoft Visual Studio Solution File, Format Version 12.00
# Visual Studio 2013
VisualStudioVersion = 12.0.31101.0
MinimumVisualStudioVersion = 10.0.40219.1
Project("{FAE04EC0-301F-11D3-BF4B-00C04F79EFBC}") = "Tool", "Code\WPF Client\Tool\Tool.csproj", "{7479AF0F-C156-4844-AEC1-778FF1B854C8}"
EndProject
Project("{FAE04EC0-301F-11D3-BF4B-00C04F79EFBC}") = "Pipelines", "Code\Core Level 4\Pipelines\Pipelines.csproj", "{7A3FEDF8-DF96-4426-AA01-C2D4FD3E68C8}"
EndProject
Project("{FAE04EC0-301F-11D3-BF4B-00C04F79EFBC}") = "Kernel.Adapters", "Code\Core Level 2\Kernel.Adapters\Kernel.Adapters.csproj", "{CA40C57A-EF4F-474D-BE8B-98E51AE62C1F}"
EndProject
Project("{FAE04EC0-301F-11D3-BF4B-00C04F79EFBC}") = "Base", "Code\Core Level 1\Base\Base.csproj", "{CA9339A0-9A7D-4900-839E-F21B7269BDAA}"
EndProject
Project("{FAE04EC0-301F-11D3-BF4B-00C04F79EFBC}") = "Kernel.Products", "Code\Core Level 2\Kernel.Products\Kernel.Products.csproj", "{BC8B4EE5-C053-42E1-A5BA-07F8C41915A9}"
EndProject
Project("{FAE04EC0-301F-11D3-BF4B-00C04F79EFBC}") = "Kernel.Instances", "Code\Core Level 3\Kernel.Instances\Kernel.Instances.csproj", "{CCA7B157-A743-4A5A-A03B-B6B27CB2BE1C}"
EndProject
Project("{FAE04EC0-301F-11D3-BF4B-00C04F79EFBC}") = "Kernel.Pipelines", "Code\Core Level 2\Kernel.Pipelines\Kernel.Pipelines.csproj", "{E36CDEDE-E0C7-48E2-B02A-6A4C3EACF769}"
EndProject
Project("{2150E333-8FDC-42A3-9474-1A3956D46DE8}") = "Level 1", "Level 1", "{092AB8A4-66C8-4321-B786-3EFB18681A35}"
EndProject
Project("{2150E333-8FDC-42A3-9474-1A3956D46DE8}") = "Level 2", "Level 2", "{F96BB1F6-BFD0-4067-B621-A480757CE1BD}"
EndProject
Project("{2150E333-8FDC-42A3-9474-1A3956D46DE8}") = "Level 4", "Level 4", "{DC93810A-F540-4C0F-BFD1-1574870D9212}"
EndProject
Project("{2150E333-8FDC-42A3-9474-1A3956D46DE8}") = "Code", "Code", "{AD1198CF-70E6-415E-BF0E-995E95FF7179}"
EndProject
Project("{FAE04EC0-301F-11D3-BF4B-00C04F79EFBC}") = "Tests", "Tests\Tests\Tests.csproj", "{8F514FFE-EE16-49B0-96F6-503DA3CCF332}"
EndProject
Project("{2150E333-8FDC-42A3-9474-1A3956D46DE8}") = "Tests", "Tests", "{4A2A9994-A81C-47D4-B1EC-8CA6C42FD580}"
EndProject
Project("{2150E333-8FDC-42A3-9474-1A3956D46DE8}") = "Data", "Data", "{6FE82C23-A2F1-444C-8226-BEE5BB8714A5}"
	ProjectSection(SolutionItems) = preProject
		Data\Local.testsettings = Data\Local.testsettings
		Data\Sitecore Instance Management.vsmdi = Data\Sitecore Instance Management.vsmdi
		Data\TraceAndTestImpact.testsettings = Data\TraceAndTestImpact.testsettings
	EndProjectSection
EndProject
Project("{2150E333-8FDC-42A3-9474-1A3956D46DE8}") = "Core", "Core", "{9285A641-C759-471D-A4FE-9C92C529128C}"
EndProject
Project("{2150E333-8FDC-42A3-9474-1A3956D46DE8}") = "WPF Client", "WPF Client", "{12CD4F43-229C-4A9F-A2B0-8E1FF16EC6B2}"
EndProject
Project("{2150E333-8FDC-42A3-9474-1A3956D46DE8}") = "Plugins", "Plugins", "{439DD5DD-7408-4A34-9FE4-AA1FC16957D5}"
EndProject
Project("{FAE04EC0-301F-11D3-BF4B-00C04F79EFBC}") = "Support Toolbox", "Code\WPF Client\Tool.Plugins\SupportToolbox\Support Toolbox.csproj", "{E9ED4FAD-C47A-49A8-B2E2-ACE1D68C43F9}"
EndProject
Project("{FAE04EC0-301F-11D3-BF4B-00C04F79EFBC}") = "Tool.Base", "Code\WPF Client\Tool.Base\Tool.Base.csproj", "{EF380B2A-1171-4A9F-96D0-176ABA6CAD74}"
EndProject
Project("{FAE04EC0-301F-11D3-BF4B-00C04F79EFBC}") = "Log Analyzer", "Code\WPF Client\Tool.Plugins\LogAnalyzer\Log Analyzer.csproj", "{93AC75E3-5FB3-4223-B9BF-4E3299B45EF1}"
EndProject
Project("{2150E333-8FDC-42A3-9474-1A3956D46DE8}") = "Documents", "Documents", "{1371CCE2-4F78-4C1A-B1C2-24D60E265D92}"
	ProjectSection(SolutionItems) = preProject
		Data\Documents\Pipelines.txt = Data\Documents\Pipelines.txt
		Data\Documents\Plugins.txt = Data\Documents\Plugins.txt
	EndProjectSection
EndProject
Project("{2150E333-8FDC-42A3-9474-1A3956D46DE8}") = "Level 3", "Level 3", "{C3C4CB26-24CC-4A13-BBCE-0636315000C7}"
EndProject
Project("{2150E333-8FDC-42A3-9474-1A3956D46DE8}") = "Build", "Build", "{96CC1C88-78B0-4B9E-BAFE-A5C0A4FA7FA2}"
	ProjectSection(SolutionItems) = preProject
		Build\DoBuild.bat = Build\DoBuild.bat
		Build\DoCleanup.bat = Build\DoCleanup.bat
	EndProjectSection
EndProject
Project("{2150E333-8FDC-42A3-9474-1A3956D46DE8}") = "Solution Items", "Solution Items", "{2026706C-2B8E-45A2-BE0A-BFBC780450D3}"
	ProjectSection(SolutionItems) = preProject
		readme.txt = readme.txt
	EndProjectSection
EndProject
Project("{FAE04EC0-301F-11D3-BF4B-00C04F79EFBC}") = "Tray Plugin", "Code\WPF Client\Tool.Plugins\TrayPlugin\Tray Plugin.csproj", "{436FDDE7-9DAC-4558-844E-36D5771685AC}"
EndProject
Project("{FAE04EC0-301F-11D3-BF4B-00C04F79EFBC}") = "Multiple Deletion", "Code\WPF Client\Tool.Plugins\MultipleDeletion\Multiple Deletion.csproj", "{E9228125-C0F4-4125-A8C6-9B6711088F60}"
EndProject
Project("{FAE04EC0-301F-11D3-BF4B-00C04F79EFBC}") = "Update License", "Code\WPF Client\Tool.Plugins\Update License\Update License.csproj", "{EE1A09B9-0CD7-4779-BF7E-01D568E2A9C3}"
EndProject
Project("{FAE04EC0-301F-11D3-BF4B-00C04F79EFBC}") = "Tool.Wizards", "Code\WPF Client\Tool.Wizards\Tool.Wizards.csproj", "{E67BF633-2709-4106-A984-DE811CE8C689}"
EndProject
Project("{FAE04EC0-301F-11D3-BF4B-00C04F79EFBC}") = "Tool.Windows", "Code\WPF Client\Tool.Windows\Tool.Windows.csproj", "{221FB0E1-56C0-499C-82F3-BA4060D6ED0C}"
EndProject
Project("{2150E333-8FDC-42A3-9474-1A3956D46DE8}") = "Level 1", "Level 1", "{FF366BA7-AFF2-4572-802A-22B838F0397D}"
EndProject
Project("{2150E333-8FDC-42A3-9474-1A3956D46DE8}") = "Level 2", "Level 2", "{1BF1BBFC-D6C0-4FB1-AE02-700DE352BFCB}"
EndProject
Project("{2150E333-8FDC-42A3-9474-1A3956D46DE8}") = "Level 3", "Level 3", "{30A95B68-D19E-4F1A-B1CE-82D45DECA1A7}"
EndProject
Project("{2150E333-8FDC-42A3-9474-1A3956D46DE8}") = "Level 4", "Level 4", "{447A1C8E-28BB-4FF9-953E-EF616553F6D1}"
EndProject
Project("{FAE04EC0-301F-11D3-BF4B-00C04F79EFBC}") = "Linqpad", "Code\WPF Client\Tool.Plugins\Linqpad\Linqpad.csproj", "{C6215735-80C0-47EF-A15D-5A5C552EC99A}"
EndProject
Project("{FAE04EC0-301F-11D3-BF4B-00C04F79EFBC}") = "Support Package Generator", "Code\WPF Client\Tool.Plugins\Support Package Generator\Support Package Generator.csproj", "{B7C66BE2-B1AC-43B0-8218-ED8A66730C14}"
EndProject
Project("{FAE04EC0-301F-11D3-BF4B-00C04F79EFBC}") = "Support Workaround", "Code\WPF Client\Tool.Plugins\SupportWorkaround\Support Workaround.csproj", "{AC1018F8-9328-4516-A5C3-08A99C9B0CFE}"
EndProject
Project("{2150E333-8FDC-42A3-9474-1A3956D46DE8}") = ".nuget", ".nuget", "{BFF0EB89-8056-4EFC-B557-717618BE5A09}"
	ProjectSection(SolutionItems) = preProject
		.nuget\NuGet.Config = .nuget\NuGet.Config
		.nuget\NuGet.exe = .nuget\NuGet.exe
		.nuget\NuGet.targets = .nuget\NuGet.targets
	EndProjectSection
EndProject
Global
	GlobalSection(SolutionConfigurationPlatforms) = preSolution
		Debug|Any CPU = Debug|Any CPU
		Debug|Mixed Platforms = Debug|Mixed Platforms
		Debug|x86 = Debug|x86
		Release|Any CPU = Release|Any CPU
		Release|Mixed Platforms = Release|Mixed Platforms
		Release|x86 = Release|x86
	EndGlobalSection
	GlobalSection(ProjectConfigurationPlatforms) = postSolution
		{7479AF0F-C156-4844-AEC1-778FF1B854C8}.Debug|Any CPU.ActiveCfg = Debug|x86
		{7479AF0F-C156-4844-AEC1-778FF1B854C8}.Debug|Mixed Platforms.ActiveCfg = Debug|x86
		{7479AF0F-C156-4844-AEC1-778FF1B854C8}.Debug|Mixed Platforms.Build.0 = Debug|x86
		{7479AF0F-C156-4844-AEC1-778FF1B854C8}.Debug|x86.ActiveCfg = Debug|x86
		{7479AF0F-C156-4844-AEC1-778FF1B854C8}.Debug|x86.Build.0 = Debug|x86
		{7479AF0F-C156-4844-AEC1-778FF1B854C8}.Release|Any CPU.ActiveCfg = Release|x86
		{7479AF0F-C156-4844-AEC1-778FF1B854C8}.Release|Mixed Platforms.ActiveCfg = Release|x86
		{7479AF0F-C156-4844-AEC1-778FF1B854C8}.Release|Mixed Platforms.Build.0 = Release|x86
		{7479AF0F-C156-4844-AEC1-778FF1B854C8}.Release|x86.ActiveCfg = Release|x86
		{7479AF0F-C156-4844-AEC1-778FF1B854C8}.Release|x86.Build.0 = Release|x86
		{7A3FEDF8-DF96-4426-AA01-C2D4FD3E68C8}.Debug|Any CPU.ActiveCfg = Debug|x86
		{7A3FEDF8-DF96-4426-AA01-C2D4FD3E68C8}.Debug|Mixed Platforms.ActiveCfg = Debug|x86
		{7A3FEDF8-DF96-4426-AA01-C2D4FD3E68C8}.Debug|Mixed Platforms.Build.0 = Debug|x86
		{7A3FEDF8-DF96-4426-AA01-C2D4FD3E68C8}.Debug|x86.ActiveCfg = Debug|x86
		{7A3FEDF8-DF96-4426-AA01-C2D4FD3E68C8}.Debug|x86.Build.0 = Debug|x86
		{7A3FEDF8-DF96-4426-AA01-C2D4FD3E68C8}.Release|Any CPU.ActiveCfg = Release|x86
		{7A3FEDF8-DF96-4426-AA01-C2D4FD3E68C8}.Release|Mixed Platforms.ActiveCfg = Release|x86
		{7A3FEDF8-DF96-4426-AA01-C2D4FD3E68C8}.Release|Mixed Platforms.Build.0 = Release|x86
		{7A3FEDF8-DF96-4426-AA01-C2D4FD3E68C8}.Release|x86.ActiveCfg = Release|x86
		{7A3FEDF8-DF96-4426-AA01-C2D4FD3E68C8}.Release|x86.Build.0 = Release|x86
		{CA40C57A-EF4F-474D-BE8B-98E51AE62C1F}.Debug|Any CPU.ActiveCfg = Debug|Any CPU
		{CA40C57A-EF4F-474D-BE8B-98E51AE62C1F}.Debug|Any CPU.Build.0 = Debug|Any CPU
		{CA40C57A-EF4F-474D-BE8B-98E51AE62C1F}.Debug|Mixed Platforms.ActiveCfg = Debug|Any CPU
		{CA40C57A-EF4F-474D-BE8B-98E51AE62C1F}.Debug|Mixed Platforms.Build.0 = Debug|Any CPU
		{CA40C57A-EF4F-474D-BE8B-98E51AE62C1F}.Debug|x86.ActiveCfg = Debug|Any CPU
		{CA40C57A-EF4F-474D-BE8B-98E51AE62C1F}.Release|Any CPU.ActiveCfg = Release|Any CPU
		{CA40C57A-EF4F-474D-BE8B-98E51AE62C1F}.Release|Any CPU.Build.0 = Release|Any CPU
		{CA40C57A-EF4F-474D-BE8B-98E51AE62C1F}.Release|Mixed Platforms.ActiveCfg = Release|Any CPU
		{CA40C57A-EF4F-474D-BE8B-98E51AE62C1F}.Release|Mixed Platforms.Build.0 = Release|Any CPU
		{CA40C57A-EF4F-474D-BE8B-98E51AE62C1F}.Release|x86.ActiveCfg = Release|Any CPU
		{CA9339A0-9A7D-4900-839E-F21B7269BDAA}.Debug|Any CPU.ActiveCfg = Debug|Any CPU
		{CA9339A0-9A7D-4900-839E-F21B7269BDAA}.Debug|Any CPU.Build.0 = Debug|Any CPU
		{CA9339A0-9A7D-4900-839E-F21B7269BDAA}.Debug|Mixed Platforms.ActiveCfg = Debug|Any CPU
		{CA9339A0-9A7D-4900-839E-F21B7269BDAA}.Debug|Mixed Platforms.Build.0 = Debug|Any CPU
		{CA9339A0-9A7D-4900-839E-F21B7269BDAA}.Debug|x86.ActiveCfg = Debug|Any CPU
		{CA9339A0-9A7D-4900-839E-F21B7269BDAA}.Release|Any CPU.ActiveCfg = Release|Any CPU
		{CA9339A0-9A7D-4900-839E-F21B7269BDAA}.Release|Any CPU.Build.0 = Release|Any CPU
		{CA9339A0-9A7D-4900-839E-F21B7269BDAA}.Release|Mixed Platforms.ActiveCfg = Release|Any CPU
		{CA9339A0-9A7D-4900-839E-F21B7269BDAA}.Release|Mixed Platforms.Build.0 = Release|Any CPU
		{CA9339A0-9A7D-4900-839E-F21B7269BDAA}.Release|x86.ActiveCfg = Release|Any CPU
		{BC8B4EE5-C053-42E1-A5BA-07F8C41915A9}.Debug|Any CPU.ActiveCfg = Debug|Any CPU
		{BC8B4EE5-C053-42E1-A5BA-07F8C41915A9}.Debug|Any CPU.Build.0 = Debug|Any CPU
		{BC8B4EE5-C053-42E1-A5BA-07F8C41915A9}.Debug|Mixed Platforms.ActiveCfg = Debug|Any CPU
		{BC8B4EE5-C053-42E1-A5BA-07F8C41915A9}.Debug|Mixed Platforms.Build.0 = Debug|Any CPU
		{BC8B4EE5-C053-42E1-A5BA-07F8C41915A9}.Debug|x86.ActiveCfg = Debug|Any CPU
		{BC8B4EE5-C053-42E1-A5BA-07F8C41915A9}.Release|Any CPU.ActiveCfg = Release|Any CPU
		{BC8B4EE5-C053-42E1-A5BA-07F8C41915A9}.Release|Any CPU.Build.0 = Release|Any CPU
		{BC8B4EE5-C053-42E1-A5BA-07F8C41915A9}.Release|Mixed Platforms.ActiveCfg = Release|Any CPU
		{BC8B4EE5-C053-42E1-A5BA-07F8C41915A9}.Release|Mixed Platforms.Build.0 = Release|Any CPU
		{BC8B4EE5-C053-42E1-A5BA-07F8C41915A9}.Release|x86.ActiveCfg = Release|Any CPU
		{CCA7B157-A743-4A5A-A03B-B6B27CB2BE1C}.Debug|Any CPU.ActiveCfg = Debug|Any CPU
		{CCA7B157-A743-4A5A-A03B-B6B27CB2BE1C}.Debug|Any CPU.Build.0 = Debug|Any CPU
		{CCA7B157-A743-4A5A-A03B-B6B27CB2BE1C}.Debug|Mixed Platforms.ActiveCfg = Debug|Any CPU
		{CCA7B157-A743-4A5A-A03B-B6B27CB2BE1C}.Debug|Mixed Platforms.Build.0 = Debug|Any CPU
		{CCA7B157-A743-4A5A-A03B-B6B27CB2BE1C}.Debug|x86.ActiveCfg = Debug|Any CPU
		{CCA7B157-A743-4A5A-A03B-B6B27CB2BE1C}.Release|Any CPU.ActiveCfg = Release|Any CPU
		{CCA7B157-A743-4A5A-A03B-B6B27CB2BE1C}.Release|Any CPU.Build.0 = Release|Any CPU
		{CCA7B157-A743-4A5A-A03B-B6B27CB2BE1C}.Release|Mixed Platforms.ActiveCfg = Release|Any CPU
		{CCA7B157-A743-4A5A-A03B-B6B27CB2BE1C}.Release|Mixed Platforms.Build.0 = Release|Any CPU
		{CCA7B157-A743-4A5A-A03B-B6B27CB2BE1C}.Release|x86.ActiveCfg = Release|Any CPU
		{E36CDEDE-E0C7-48E2-B02A-6A4C3EACF769}.Debug|Any CPU.ActiveCfg = Debug|Any CPU
		{E36CDEDE-E0C7-48E2-B02A-6A4C3EACF769}.Debug|Any CPU.Build.0 = Debug|Any CPU
		{E36CDEDE-E0C7-48E2-B02A-6A4C3EACF769}.Debug|Mixed Platforms.ActiveCfg = Debug|Any CPU
		{E36CDEDE-E0C7-48E2-B02A-6A4C3EACF769}.Debug|Mixed Platforms.Build.0 = Debug|Any CPU
		{E36CDEDE-E0C7-48E2-B02A-6A4C3EACF769}.Debug|x86.ActiveCfg = Debug|Any CPU
		{E36CDEDE-E0C7-48E2-B02A-6A4C3EACF769}.Release|Any CPU.ActiveCfg = Release|Any CPU
		{E36CDEDE-E0C7-48E2-B02A-6A4C3EACF769}.Release|Any CPU.Build.0 = Release|Any CPU
		{E36CDEDE-E0C7-48E2-B02A-6A4C3EACF769}.Release|Mixed Platforms.ActiveCfg = Release|Any CPU
		{E36CDEDE-E0C7-48E2-B02A-6A4C3EACF769}.Release|Mixed Platforms.Build.0 = Release|Any CPU
		{E36CDEDE-E0C7-48E2-B02A-6A4C3EACF769}.Release|x86.ActiveCfg = Release|Any CPU
		{8F514FFE-EE16-49B0-96F6-503DA3CCF332}.Debug|Any CPU.ActiveCfg = Debug|Any CPU
		{8F514FFE-EE16-49B0-96F6-503DA3CCF332}.Debug|Any CPU.Build.0 = Debug|Any CPU
		{8F514FFE-EE16-49B0-96F6-503DA3CCF332}.Debug|Mixed Platforms.ActiveCfg = Debug|Any CPU
		{8F514FFE-EE16-49B0-96F6-503DA3CCF332}.Debug|Mixed Platforms.Build.0 = Debug|Any CPU
		{8F514FFE-EE16-49B0-96F6-503DA3CCF332}.Debug|x86.ActiveCfg = Debug|Any CPU
		{8F514FFE-EE16-49B0-96F6-503DA3CCF332}.Release|Any CPU.ActiveCfg = Release|Any CPU
		{8F514FFE-EE16-49B0-96F6-503DA3CCF332}.Release|Any CPU.Build.0 = Release|Any CPU
		{8F514FFE-EE16-49B0-96F6-503DA3CCF332}.Release|Mixed Platforms.ActiveCfg = Release|Any CPU
		{8F514FFE-EE16-49B0-96F6-503DA3CCF332}.Release|Mixed Platforms.Build.0 = Release|Any CPU
		{8F514FFE-EE16-49B0-96F6-503DA3CCF332}.Release|x86.ActiveCfg = Release|Any CPU
		{E9ED4FAD-C47A-49A8-B2E2-ACE1D68C43F9}.Debug|Any CPU.ActiveCfg = Debug|Any CPU
		{E9ED4FAD-C47A-49A8-B2E2-ACE1D68C43F9}.Debug|Any CPU.Build.0 = Debug|Any CPU
		{E9ED4FAD-C47A-49A8-B2E2-ACE1D68C43F9}.Debug|Mixed Platforms.ActiveCfg = Debug|Any CPU
		{E9ED4FAD-C47A-49A8-B2E2-ACE1D68C43F9}.Debug|Mixed Platforms.Build.0 = Debug|Any CPU
		{E9ED4FAD-C47A-49A8-B2E2-ACE1D68C43F9}.Debug|x86.ActiveCfg = Debug|Any CPU
		{E9ED4FAD-C47A-49A8-B2E2-ACE1D68C43F9}.Release|Any CPU.ActiveCfg = Release|Any CPU
		{E9ED4FAD-C47A-49A8-B2E2-ACE1D68C43F9}.Release|Any CPU.Build.0 = Release|Any CPU
		{E9ED4FAD-C47A-49A8-B2E2-ACE1D68C43F9}.Release|Mixed Platforms.ActiveCfg = Release|Any CPU
		{E9ED4FAD-C47A-49A8-B2E2-ACE1D68C43F9}.Release|Mixed Platforms.Build.0 = Release|Any CPU
		{E9ED4FAD-C47A-49A8-B2E2-ACE1D68C43F9}.Release|x86.ActiveCfg = Release|Any CPU
		{EF380B2A-1171-4A9F-96D0-176ABA6CAD74}.Debug|Any CPU.ActiveCfg = Debug|Any CPU
		{EF380B2A-1171-4A9F-96D0-176ABA6CAD74}.Debug|Any CPU.Build.0 = Debug|Any CPU
		{EF380B2A-1171-4A9F-96D0-176ABA6CAD74}.Debug|Mixed Platforms.ActiveCfg = Debug|Any CPU
		{EF380B2A-1171-4A9F-96D0-176ABA6CAD74}.Debug|Mixed Platforms.Build.0 = Debug|Any CPU
		{EF380B2A-1171-4A9F-96D0-176ABA6CAD74}.Debug|x86.ActiveCfg = Debug|Any CPU
		{EF380B2A-1171-4A9F-96D0-176ABA6CAD74}.Release|Any CPU.ActiveCfg = Release|Any CPU
		{EF380B2A-1171-4A9F-96D0-176ABA6CAD74}.Release|Any CPU.Build.0 = Release|Any CPU
		{EF380B2A-1171-4A9F-96D0-176ABA6CAD74}.Release|Mixed Platforms.ActiveCfg = Release|Any CPU
		{EF380B2A-1171-4A9F-96D0-176ABA6CAD74}.Release|Mixed Platforms.Build.0 = Release|Any CPU
		{EF380B2A-1171-4A9F-96D0-176ABA6CAD74}.Release|x86.ActiveCfg = Release|Any CPU
		{93AC75E3-5FB3-4223-B9BF-4E3299B45EF1}.Debug|Any CPU.ActiveCfg = Debug|Any CPU
		{93AC75E3-5FB3-4223-B9BF-4E3299B45EF1}.Debug|Any CPU.Build.0 = Debug|Any CPU
		{93AC75E3-5FB3-4223-B9BF-4E3299B45EF1}.Debug|Mixed Platforms.ActiveCfg = Debug|Any CPU
		{93AC75E3-5FB3-4223-B9BF-4E3299B45EF1}.Debug|Mixed Platforms.Build.0 = Debug|Any CPU
		{93AC75E3-5FB3-4223-B9BF-4E3299B45EF1}.Debug|x86.ActiveCfg = Debug|Any CPU
		{93AC75E3-5FB3-4223-B9BF-4E3299B45EF1}.Release|Any CPU.ActiveCfg = Release|Any CPU
		{93AC75E3-5FB3-4223-B9BF-4E3299B45EF1}.Release|Any CPU.Build.0 = Release|Any CPU
		{93AC75E3-5FB3-4223-B9BF-4E3299B45EF1}.Release|Mixed Platforms.ActiveCfg = Release|Any CPU
		{93AC75E3-5FB3-4223-B9BF-4E3299B45EF1}.Release|Mixed Platforms.Build.0 = Release|Any CPU
		{93AC75E3-5FB3-4223-B9BF-4E3299B45EF1}.Release|x86.ActiveCfg = Release|Any CPU
		{436FDDE7-9DAC-4558-844E-36D5771685AC}.Debug|Any CPU.ActiveCfg = Debug|Any CPU
		{436FDDE7-9DAC-4558-844E-36D5771685AC}.Debug|Any CPU.Build.0 = Debug|Any CPU
		{436FDDE7-9DAC-4558-844E-36D5771685AC}.Debug|Mixed Platforms.ActiveCfg = Debug|Any CPU
		{436FDDE7-9DAC-4558-844E-36D5771685AC}.Debug|Mixed Platforms.Build.0 = Debug|Any CPU
		{436FDDE7-9DAC-4558-844E-36D5771685AC}.Debug|x86.ActiveCfg = Debug|Any CPU
		{436FDDE7-9DAC-4558-844E-36D5771685AC}.Release|Any CPU.ActiveCfg = Release|Any CPU
		{436FDDE7-9DAC-4558-844E-36D5771685AC}.Release|Any CPU.Build.0 = Release|Any CPU
		{436FDDE7-9DAC-4558-844E-36D5771685AC}.Release|Mixed Platforms.ActiveCfg = Release|Any CPU
		{436FDDE7-9DAC-4558-844E-36D5771685AC}.Release|Mixed Platforms.Build.0 = Release|Any CPU
		{436FDDE7-9DAC-4558-844E-36D5771685AC}.Release|x86.ActiveCfg = Release|Any CPU
		{E9228125-C0F4-4125-A8C6-9B6711088F60}.Debug|Any CPU.ActiveCfg = Debug|Any CPU
		{E9228125-C0F4-4125-A8C6-9B6711088F60}.Debug|Any CPU.Build.0 = Debug|Any CPU
		{E9228125-C0F4-4125-A8C6-9B6711088F60}.Debug|Mixed Platforms.ActiveCfg = Debug|Any CPU
		{E9228125-C0F4-4125-A8C6-9B6711088F60}.Debug|Mixed Platforms.Build.0 = Debug|Any CPU
		{E9228125-C0F4-4125-A8C6-9B6711088F60}.Debug|x86.ActiveCfg = Debug|Any CPU
		{E9228125-C0F4-4125-A8C6-9B6711088F60}.Release|Any CPU.ActiveCfg = Release|Any CPU
		{E9228125-C0F4-4125-A8C6-9B6711088F60}.Release|Any CPU.Build.0 = Release|Any CPU
		{E9228125-C0F4-4125-A8C6-9B6711088F60}.Release|Mixed Platforms.ActiveCfg = Release|Any CPU
		{E9228125-C0F4-4125-A8C6-9B6711088F60}.Release|Mixed Platforms.Build.0 = Release|Any CPU
		{E9228125-C0F4-4125-A8C6-9B6711088F60}.Release|x86.ActiveCfg = Release|Any CPU
		{EE1A09B9-0CD7-4779-BF7E-01D568E2A9C3}.Debug|Any CPU.ActiveCfg = Debug|Any CPU
		{EE1A09B9-0CD7-4779-BF7E-01D568E2A9C3}.Debug|Any CPU.Build.0 = Debug|Any CPU
		{EE1A09B9-0CD7-4779-BF7E-01D568E2A9C3}.Debug|Mixed Platforms.ActiveCfg = Debug|Any CPU
		{EE1A09B9-0CD7-4779-BF7E-01D568E2A9C3}.Debug|Mixed Platforms.Build.0 = Debug|Any CPU
		{EE1A09B9-0CD7-4779-BF7E-01D568E2A9C3}.Debug|x86.ActiveCfg = Debug|Any CPU
		{EE1A09B9-0CD7-4779-BF7E-01D568E2A9C3}.Release|Any CPU.ActiveCfg = Release|Any CPU
		{EE1A09B9-0CD7-4779-BF7E-01D568E2A9C3}.Release|Any CPU.Build.0 = Release|Any CPU
		{EE1A09B9-0CD7-4779-BF7E-01D568E2A9C3}.Release|Mixed Platforms.ActiveCfg = Release|Any CPU
		{EE1A09B9-0CD7-4779-BF7E-01D568E2A9C3}.Release|Mixed Platforms.Build.0 = Release|Any CPU
		{EE1A09B9-0CD7-4779-BF7E-01D568E2A9C3}.Release|x86.ActiveCfg = Release|Any CPU
		{E67BF633-2709-4106-A984-DE811CE8C689}.Debug|Any CPU.ActiveCfg = Debug|Any CPU
		{E67BF633-2709-4106-A984-DE811CE8C689}.Debug|Any CPU.Build.0 = Debug|Any CPU
		{E67BF633-2709-4106-A984-DE811CE8C689}.Debug|Mixed Platforms.ActiveCfg = Debug|Any CPU
		{E67BF633-2709-4106-A984-DE811CE8C689}.Debug|Mixed Platforms.Build.0 = Debug|Any CPU
		{E67BF633-2709-4106-A984-DE811CE8C689}.Debug|x86.ActiveCfg = Debug|Any CPU
		{E67BF633-2709-4106-A984-DE811CE8C689}.Release|Any CPU.ActiveCfg = Release|Any CPU
		{E67BF633-2709-4106-A984-DE811CE8C689}.Release|Any CPU.Build.0 = Release|Any CPU
		{E67BF633-2709-4106-A984-DE811CE8C689}.Release|Mixed Platforms.ActiveCfg = Release|Any CPU
		{E67BF633-2709-4106-A984-DE811CE8C689}.Release|Mixed Platforms.Build.0 = Release|Any CPU
		{E67BF633-2709-4106-A984-DE811CE8C689}.Release|x86.ActiveCfg = Release|Any CPU
		{221FB0E1-56C0-499C-82F3-BA4060D6ED0C}.Debug|Any CPU.ActiveCfg = Debug|Any CPU
		{221FB0E1-56C0-499C-82F3-BA4060D6ED0C}.Debug|Any CPU.Build.0 = Debug|Any CPU
		{221FB0E1-56C0-499C-82F3-BA4060D6ED0C}.Debug|Mixed Platforms.ActiveCfg = Debug|Any CPU
		{221FB0E1-56C0-499C-82F3-BA4060D6ED0C}.Debug|Mixed Platforms.Build.0 = Debug|Any CPU
		{221FB0E1-56C0-499C-82F3-BA4060D6ED0C}.Debug|x86.ActiveCfg = Debug|Any CPU
		{221FB0E1-56C0-499C-82F3-BA4060D6ED0C}.Release|Any CPU.ActiveCfg = Release|Any CPU
		{221FB0E1-56C0-499C-82F3-BA4060D6ED0C}.Release|Any CPU.Build.0 = Release|Any CPU
		{221FB0E1-56C0-499C-82F3-BA4060D6ED0C}.Release|Mixed Platforms.ActiveCfg = Release|Any CPU
		{221FB0E1-56C0-499C-82F3-BA4060D6ED0C}.Release|Mixed Platforms.Build.0 = Release|Any CPU
		{221FB0E1-56C0-499C-82F3-BA4060D6ED0C}.Release|x86.ActiveCfg = Release|Any CPU
		{C6215735-80C0-47EF-A15D-5A5C552EC99A}.Debug|Any CPU.ActiveCfg = Debug|Any CPU
		{C6215735-80C0-47EF-A15D-5A5C552EC99A}.Debug|Any CPU.Build.0 = Debug|Any CPU
		{C6215735-80C0-47EF-A15D-5A5C552EC99A}.Debug|Mixed Platforms.ActiveCfg = Debug|Any CPU
		{C6215735-80C0-47EF-A15D-5A5C552EC99A}.Debug|Mixed Platforms.Build.0 = Debug|Any CPU
		{C6215735-80C0-47EF-A15D-5A5C552EC99A}.Debug|x86.ActiveCfg = Debug|Any CPU
		{C6215735-80C0-47EF-A15D-5A5C552EC99A}.Release|Any CPU.ActiveCfg = Release|Any CPU
		{C6215735-80C0-47EF-A15D-5A5C552EC99A}.Release|Any CPU.Build.0 = Release|Any CPU
		{C6215735-80C0-47EF-A15D-5A5C552EC99A}.Release|Mixed Platforms.ActiveCfg = Release|Any CPU
		{C6215735-80C0-47EF-A15D-5A5C552EC99A}.Release|Mixed Platforms.Build.0 = Release|Any CPU
		{C6215735-80C0-47EF-A15D-5A5C552EC99A}.Release|x86.ActiveCfg = Release|Any CPU
		{B7C66BE2-B1AC-43B0-8218-ED8A66730C14}.Debug|Any CPU.ActiveCfg = Debug|Any CPU
		{B7C66BE2-B1AC-43B0-8218-ED8A66730C14}.Debug|Any CPU.Build.0 = Debug|Any CPU
		{B7C66BE2-B1AC-43B0-8218-ED8A66730C14}.Debug|Mixed Platforms.ActiveCfg = Debug|Any CPU
		{B7C66BE2-B1AC-43B0-8218-ED8A66730C14}.Debug|Mixed Platforms.Build.0 = Debug|Any CPU
		{B7C66BE2-B1AC-43B0-8218-ED8A66730C14}.Debug|x86.ActiveCfg = Debug|Any CPU
		{B7C66BE2-B1AC-43B0-8218-ED8A66730C14}.Release|Any CPU.ActiveCfg = Release|Any CPU
		{B7C66BE2-B1AC-43B0-8218-ED8A66730C14}.Release|Any CPU.Build.0 = Release|Any CPU
		{B7C66BE2-B1AC-43B0-8218-ED8A66730C14}.Release|Mixed Platforms.ActiveCfg = Release|Any CPU
		{B7C66BE2-B1AC-43B0-8218-ED8A66730C14}.Release|Mixed Platforms.Build.0 = Release|Any CPU
		{B7C66BE2-B1AC-43B0-8218-ED8A66730C14}.Release|x86.ActiveCfg = Release|Any CPU
		{AC1018F8-9328-4516-A5C3-08A99C9B0CFE}.Debug|Any CPU.ActiveCfg = Debug|Any CPU
		{AC1018F8-9328-4516-A5C3-08A99C9B0CFE}.Debug|Any CPU.Build.0 = Debug|Any CPU
		{AC1018F8-9328-4516-A5C3-08A99C9B0CFE}.Debug|Mixed Platforms.ActiveCfg = Debug|Any CPU
		{AC1018F8-9328-4516-A5C3-08A99C9B0CFE}.Debug|Mixed Platforms.Build.0 = Debug|Any CPU
		{AC1018F8-9328-4516-A5C3-08A99C9B0CFE}.Debug|x86.ActiveCfg = Debug|Any CPU
		{AC1018F8-9328-4516-A5C3-08A99C9B0CFE}.Release|Any CPU.ActiveCfg = Release|Any CPU
		{AC1018F8-9328-4516-A5C3-08A99C9B0CFE}.Release|Any CPU.Build.0 = Release|Any CPU
		{AC1018F8-9328-4516-A5C3-08A99C9B0CFE}.Release|Mixed Platforms.ActiveCfg = Release|Any CPU
		{AC1018F8-9328-4516-A5C3-08A99C9B0CFE}.Release|Mixed Platforms.Build.0 = Release|Any CPU
		{AC1018F8-9328-4516-A5C3-08A99C9B0CFE}.Release|x86.ActiveCfg = Release|Any CPU
	EndGlobalSection
	GlobalSection(SolutionProperties) = preSolution
		HideSolutionNode = FALSE
	EndGlobalSection
	GlobalSection(NestedProjects) = preSolution
		{7479AF0F-C156-4844-AEC1-778FF1B854C8} = {447A1C8E-28BB-4FF9-953E-EF616553F6D1}
		{7A3FEDF8-DF96-4426-AA01-C2D4FD3E68C8} = {DC93810A-F540-4C0F-BFD1-1574870D9212}
		{CA40C57A-EF4F-474D-BE8B-98E51AE62C1F} = {F96BB1F6-BFD0-4067-B621-A480757CE1BD}
		{CA9339A0-9A7D-4900-839E-F21B7269BDAA} = {092AB8A4-66C8-4321-B786-3EFB18681A35}
		{BC8B4EE5-C053-42E1-A5BA-07F8C41915A9} = {F96BB1F6-BFD0-4067-B621-A480757CE1BD}
		{CCA7B157-A743-4A5A-A03B-B6B27CB2BE1C} = {C3C4CB26-24CC-4A13-BBCE-0636315000C7}
		{E36CDEDE-E0C7-48E2-B02A-6A4C3EACF769} = {F96BB1F6-BFD0-4067-B621-A480757CE1BD}
		{092AB8A4-66C8-4321-B786-3EFB18681A35} = {9285A641-C759-471D-A4FE-9C92C529128C}
		{F96BB1F6-BFD0-4067-B621-A480757CE1BD} = {9285A641-C759-471D-A4FE-9C92C529128C}
		{DC93810A-F540-4C0F-BFD1-1574870D9212} = {9285A641-C759-471D-A4FE-9C92C529128C}
		{8F514FFE-EE16-49B0-96F6-503DA3CCF332} = {4A2A9994-A81C-47D4-B1EC-8CA6C42FD580}
		{9285A641-C759-471D-A4FE-9C92C529128C} = {AD1198CF-70E6-415E-BF0E-995E95FF7179}
		{12CD4F43-229C-4A9F-A2B0-8E1FF16EC6B2} = {AD1198CF-70E6-415E-BF0E-995E95FF7179}
		{439DD5DD-7408-4A34-9FE4-AA1FC16957D5} = {30A95B68-D19E-4F1A-B1CE-82D45DECA1A7}
		{E9ED4FAD-C47A-49A8-B2E2-ACE1D68C43F9} = {439DD5DD-7408-4A34-9FE4-AA1FC16957D5}
		{EF380B2A-1171-4A9F-96D0-176ABA6CAD74} = {FF366BA7-AFF2-4572-802A-22B838F0397D}
		{93AC75E3-5FB3-4223-B9BF-4E3299B45EF1} = {439DD5DD-7408-4A34-9FE4-AA1FC16957D5}
		{1371CCE2-4F78-4C1A-B1C2-24D60E265D92} = {6FE82C23-A2F1-444C-8226-BEE5BB8714A5}
		{C3C4CB26-24CC-4A13-BBCE-0636315000C7} = {9285A641-C759-471D-A4FE-9C92C529128C}
		{436FDDE7-9DAC-4558-844E-36D5771685AC} = {439DD5DD-7408-4A34-9FE4-AA1FC16957D5}
		{E9228125-C0F4-4125-A8C6-9B6711088F60} = {439DD5DD-7408-4A34-9FE4-AA1FC16957D5}
		{EE1A09B9-0CD7-4779-BF7E-01D568E2A9C3} = {439DD5DD-7408-4A34-9FE4-AA1FC16957D5}
		{E67BF633-2709-4106-A984-DE811CE8C689} = {1BF1BBFC-D6C0-4FB1-AE02-700DE352BFCB}
		{221FB0E1-56C0-499C-82F3-BA4060D6ED0C} = {30A95B68-D19E-4F1A-B1CE-82D45DECA1A7}
		{FF366BA7-AFF2-4572-802A-22B838F0397D} = {12CD4F43-229C-4A9F-A2B0-8E1FF16EC6B2}
		{1BF1BBFC-D6C0-4FB1-AE02-700DE352BFCB} = {12CD4F43-229C-4A9F-A2B0-8E1FF16EC6B2}
		{30A95B68-D19E-4F1A-B1CE-82D45DECA1A7} = {12CD4F43-229C-4A9F-A2B0-8E1FF16EC6B2}
		{447A1C8E-28BB-4FF9-953E-EF616553F6D1} = {12CD4F43-229C-4A9F-A2B0-8E1FF16EC6B2}
		{C6215735-80C0-47EF-A15D-5A5C552EC99A} = {439DD5DD-7408-4A34-9FE4-AA1FC16957D5}
		{B7C66BE2-B1AC-43B0-8218-ED8A66730C14} = {439DD5DD-7408-4A34-9FE4-AA1FC16957D5}
		{AC1018F8-9328-4516-A5C3-08A99C9B0CFE} = {439DD5DD-7408-4A34-9FE4-AA1FC16957D5}
	EndGlobalSection
	GlobalSection(SubversionScc) = preSolution
		Svn-Managed = True
		Manager = AnkhSVN - Subversion Support for Visual Studio
	EndGlobalSection
EndGlobal
