
Microsoft Visual Studio Solution File, Format Version 12.00
# Visual Studio 15
VisualStudioVersion = 15.0.27130.2036
MinimumVisualStudioVersion = 10.0.40219.1
Project("{FAE04EC0-301F-11D3-BF4B-00C04F79EFBC}") = "SIM.Tool", "SIM.Tool\SIM.Tool.csproj", "{7479AF0F-C156-4844-AEC1-778FF1B854C8}"
EndProject
Project("{FAE04EC0-301F-11D3-BF4B-00C04F79EFBC}") = "SIM.Pipelines", "SIM.Pipelines\SIM.Pipelines.csproj", "{7A3FEDF8-DF96-4426-AA01-C2D4FD3E68C8}"
EndProject
Project("{FAE04EC0-301F-11D3-BF4B-00C04F79EFBC}") = "SIM.Adapters", "SIM.Adapters\SIM.Adapters.csproj", "{CA40C57A-EF4F-474D-BE8B-98E51AE62C1F}"
EndProject
Project("{FAE04EC0-301F-11D3-BF4B-00C04F79EFBC}") = "SIM.Base", "SIM.Base\SIM.Base.csproj", "{CA9339A0-9A7D-4900-839E-F21B7269BDAA}"
EndProject
Project("{FAE04EC0-301F-11D3-BF4B-00C04F79EFBC}") = "SIM.Products", "SIM.Products\SIM.Products.csproj", "{BC8B4EE5-C053-42E1-A5BA-07F8C41915A9}"
EndProject
Project("{FAE04EC0-301F-11D3-BF4B-00C04F79EFBC}") = "SIM.Instances", "SIM.Instances\SIM.Instances.csproj", "{CCA7B157-A743-4A5A-A03B-B6B27CB2BE1C}"
EndProject
Project("{2150E333-8FDC-42A3-9474-1A3956D46DE8}") = "UI", "UI", "{AD1198CF-70E6-415E-BF0E-995E95FF7179}"
EndProject
Project("{FAE04EC0-301F-11D3-BF4B-00C04F79EFBC}") = "SIM.Tests", "SIM.Tests\SIM.Tests.csproj", "{8F514FFE-EE16-49B0-96F6-503DA3CCF332}"
EndProject
Project("{2150E333-8FDC-42A3-9474-1A3956D46DE8}") = "Core", "Core", "{9285A641-C759-471D-A4FE-9C92C529128C}"
EndProject
Project("{2150E333-8FDC-42A3-9474-1A3956D46DE8}") = "WPF Client", "WPF Client", "{12CD4F43-229C-4A9F-A2B0-8E1FF16EC6B2}"
EndProject
Project("{FAE04EC0-301F-11D3-BF4B-00C04F79EFBC}") = "SIM.Tool.Base", "SIM.Tool.Base\SIM.Tool.Base.csproj", "{EF380B2A-1171-4A9F-96D0-176ABA6CAD74}"
EndProject
Project("{FAE04EC0-301F-11D3-BF4B-00C04F79EFBC}") = "SIM.Tool.Windows", "SIM.Tool.Windows\SIM.Tool.Windows.csproj", "{221FB0E1-56C0-499C-82F3-BA4060D6ED0C}"
EndProject
Project("{2150E333-8FDC-42A3-9474-1A3956D46DE8}") = "Tests", "Tests", "{27597389-98A2-4AF7-8629-DC761E20EEDC}"
EndProject
Project("{FAE04EC0-301F-11D3-BF4B-00C04F79EFBC}") = "SIM.Core", "SIM.Core\SIM.Core.csproj", "{A124D359-B9BF-44F4-98CB-C40D3D490839}"
EndProject
Project("{FAE04EC0-301F-11D3-BF4B-00C04F79EFBC}") = "SIM.FileSystem", "SIM.FileSystem\SIM.FileSystem.csproj", "{02B6C2D7-3083-4DF3-B86D-B6D4728C4EF2}"
EndProject
Project("{FAE04EC0-301F-11D3-BF4B-00C04F79EFBC}") = "SIM.FileSystem.AutoTests", "SIM.FileSystem.AutoTests\SIM.FileSystem.AutoTests.csproj", "{46623BF6-DF60-4A1A-AADF-C0BECE17FE74}"
EndProject
Project("{FAE04EC0-301F-11D3-BF4B-00C04F79EFBC}") = "SIM.Foundation.SqlAdapter", "SIM.Foundation.SqlAdapter\SIM.Foundation.SqlAdapter.csproj", "{3748B30C-ABF5-4DEE-9F22-74E4F69FFF78}"
EndProject
Project("{FAE04EC0-301F-11D3-BF4B-00C04F79EFBC}") = "SIM.Foundation.SqlAdapter.IntegrationTests", "SIM.Foundation.SqlAdapter.IntegrationTests\SIM.Foundation.SqlAdapter.IntegrationTests.csproj", "{293D8E00-5C24-4E62-9BF7-4E0FB224D1BA}"
EndProject
Project("{FAE04EC0-301F-11D3-BF4B-00C04F79EFBC}") = "SIM.Sitecore9Installer", "SIM.Sitecore9Installer\SIM.Sitecore9Installer.csproj", "{5C870AB3-89F2-4E24-AE5D-3593EC816495}"
EndProject
Project("{FAE04EC0-301F-11D3-BF4B-00C04F79EFBC}") = "SIM.SitecoreEnvironments", "SIM.SitecoreEnvironments\SIM.SitecoreEnvironments.csproj", "{8A60BF81-02D6-4449-8B9F-572BA4051C82}"
EndProject
Project("{FAE04EC0-301F-11D3-BF4B-00C04F79EFBC}") = "SIM.Telemetry", "SIM.Telemetry\SIM.Telemetry.csproj", "{B91B2024-3F75-4DF7-8DCC-111FB5CCAF5D}"
EndProject
Project("{FAE04EC0-301F-11D3-BF4B-00C04F79EFBC}") = "SIM.Telemetry.Tests", "SIM.Telemetry.Tests\SIM.Telemetry.Tests.csproj", "{18190C9C-1642-4814-8CEF-C6675342853B}"
EndProject
Project("{FAE04EC0-301F-11D3-BF4B-00C04F79EFBC}") = "SIM.Sitecore9Installer.Tests", "SIM.Sitecore9Installer.Tests\SIM.Sitecore9Installer.Tests.csproj", "{4BA57663-92B2-43DF-9505-759B0C28EEB1}"
EndProject
Project("{FAE04EC0-301F-11D3-BF4B-00C04F79EFBC}") = "ContainerInstaller", "ContainerInstaller\ContainerInstaller.csproj", "{D9AD90F9-BF6D-4C46-8546-3BED9FF93450}"
EndProject
Project("{FAE04EC0-301F-11D3-BF4B-00C04F79EFBC}") = "SIM.DockerImages", "SIM.DockerImages\SIM.DockerImages.csproj", "{BAF47B46-A2DC-4B9E-951C-62DF9195FC97}"
EndProject
Project("{FAE04EC0-301F-11D3-BF4B-00C04F79EFBC}") = "SIM.Products.Tests", "SIM.Products.Tests\SIM.Products.Tests.csproj", "{9C3A325B-61BE-40C2-9A77-D790212F1A22}"
EndProject
Global
	GlobalSection(SolutionConfigurationPlatforms) = preSolution
		Debug|Any CPU = Debug|Any CPU
		Debug|Mixed Platforms = Debug|Mixed Platforms
		Debug|x64 = Debug|x64
		Debug|x86 = Debug|x86
		Release|Any CPU = Release|Any CPU
		Release|Mixed Platforms = Release|Mixed Platforms
		Release|x64 = Release|x64
		Release|x86 = Release|x86
	EndGlobalSection
	GlobalSection(ProjectConfigurationPlatforms) = postSolution
		{7479AF0F-C156-4844-AEC1-778FF1B854C8}.Debug|Any CPU.ActiveCfg = Debug|Any CPU
		{7479AF0F-C156-4844-AEC1-778FF1B854C8}.Debug|Any CPU.Build.0 = Debug|Any CPU
		{7479AF0F-C156-4844-AEC1-778FF1B854C8}.Debug|Mixed Platforms.ActiveCfg = Debug|Any CPU
		{7479AF0F-C156-4844-AEC1-778FF1B854C8}.Debug|Mixed Platforms.Build.0 = Debug|Any CPU
		{7479AF0F-C156-4844-AEC1-778FF1B854C8}.Debug|x64.ActiveCfg = Debug|Any CPU
		{7479AF0F-C156-4844-AEC1-778FF1B854C8}.Debug|x64.Build.0 = Debug|Any CPU
		{7479AF0F-C156-4844-AEC1-778FF1B854C8}.Debug|x86.ActiveCfg = Release|Any CPU
		{7479AF0F-C156-4844-AEC1-778FF1B854C8}.Debug|x86.Build.0 = Release|Any CPU
		{7479AF0F-C156-4844-AEC1-778FF1B854C8}.Release|Any CPU.ActiveCfg = Release|Any CPU
		{7479AF0F-C156-4844-AEC1-778FF1B854C8}.Release|Any CPU.Build.0 = Release|Any CPU
		{7479AF0F-C156-4844-AEC1-778FF1B854C8}.Release|Mixed Platforms.ActiveCfg = Release|Any CPU
		{7479AF0F-C156-4844-AEC1-778FF1B854C8}.Release|Mixed Platforms.Build.0 = Release|Any CPU
		{7479AF0F-C156-4844-AEC1-778FF1B854C8}.Release|x64.ActiveCfg = Release|Any CPU
		{7479AF0F-C156-4844-AEC1-778FF1B854C8}.Release|x64.Build.0 = Release|Any CPU
		{7479AF0F-C156-4844-AEC1-778FF1B854C8}.Release|x86.ActiveCfg = Release|Any CPU
		{7479AF0F-C156-4844-AEC1-778FF1B854C8}.Release|x86.Build.0 = Release|Any CPU
		{7A3FEDF8-DF96-4426-AA01-C2D4FD3E68C8}.Debug|Any CPU.ActiveCfg = Debug|Any CPU
		{7A3FEDF8-DF96-4426-AA01-C2D4FD3E68C8}.Debug|Any CPU.Build.0 = Debug|Any CPU
		{7A3FEDF8-DF96-4426-AA01-C2D4FD3E68C8}.Debug|Mixed Platforms.ActiveCfg = Debug|Any CPU
		{7A3FEDF8-DF96-4426-AA01-C2D4FD3E68C8}.Debug|Mixed Platforms.Build.0 = Debug|Any CPU
		{7A3FEDF8-DF96-4426-AA01-C2D4FD3E68C8}.Debug|x64.ActiveCfg = Debug|Any CPU
		{7A3FEDF8-DF96-4426-AA01-C2D4FD3E68C8}.Debug|x64.Build.0 = Debug|Any CPU
		{7A3FEDF8-DF96-4426-AA01-C2D4FD3E68C8}.Debug|x86.ActiveCfg = Debug|Any CPU
		{7A3FEDF8-DF96-4426-AA01-C2D4FD3E68C8}.Debug|x86.Build.0 = Debug|Any CPU
		{7A3FEDF8-DF96-4426-AA01-C2D4FD3E68C8}.Release|Any CPU.ActiveCfg = Release|Any CPU
		{7A3FEDF8-DF96-4426-AA01-C2D4FD3E68C8}.Release|Any CPU.Build.0 = Release|Any CPU
		{7A3FEDF8-DF96-4426-AA01-C2D4FD3E68C8}.Release|Mixed Platforms.ActiveCfg = Release|Any CPU
		{7A3FEDF8-DF96-4426-AA01-C2D4FD3E68C8}.Release|Mixed Platforms.Build.0 = Release|Any CPU
		{7A3FEDF8-DF96-4426-AA01-C2D4FD3E68C8}.Release|x64.ActiveCfg = Release|Any CPU
		{7A3FEDF8-DF96-4426-AA01-C2D4FD3E68C8}.Release|x64.Build.0 = Release|Any CPU
		{7A3FEDF8-DF96-4426-AA01-C2D4FD3E68C8}.Release|x86.ActiveCfg = Release|Any CPU
		{7A3FEDF8-DF96-4426-AA01-C2D4FD3E68C8}.Release|x86.Build.0 = Release|Any CPU
		{CA40C57A-EF4F-474D-BE8B-98E51AE62C1F}.Debug|Any CPU.ActiveCfg = Debug|Any CPU
		{CA40C57A-EF4F-474D-BE8B-98E51AE62C1F}.Debug|Any CPU.Build.0 = Debug|Any CPU
		{CA40C57A-EF4F-474D-BE8B-98E51AE62C1F}.Debug|Mixed Platforms.ActiveCfg = Debug|Any CPU
		{CA40C57A-EF4F-474D-BE8B-98E51AE62C1F}.Debug|Mixed Platforms.Build.0 = Debug|Any CPU
		{CA40C57A-EF4F-474D-BE8B-98E51AE62C1F}.Debug|x64.ActiveCfg = Debug|Any CPU
		{CA40C57A-EF4F-474D-BE8B-98E51AE62C1F}.Debug|x64.Build.0 = Debug|Any CPU
		{CA40C57A-EF4F-474D-BE8B-98E51AE62C1F}.Debug|x86.ActiveCfg = Debug|Any CPU
		{CA40C57A-EF4F-474D-BE8B-98E51AE62C1F}.Debug|x86.Build.0 = Debug|Any CPU
		{CA40C57A-EF4F-474D-BE8B-98E51AE62C1F}.Release|Any CPU.ActiveCfg = Release|Any CPU
		{CA40C57A-EF4F-474D-BE8B-98E51AE62C1F}.Release|Any CPU.Build.0 = Release|Any CPU
		{CA40C57A-EF4F-474D-BE8B-98E51AE62C1F}.Release|Mixed Platforms.ActiveCfg = Release|Any CPU
		{CA40C57A-EF4F-474D-BE8B-98E51AE62C1F}.Release|Mixed Platforms.Build.0 = Release|Any CPU
		{CA40C57A-EF4F-474D-BE8B-98E51AE62C1F}.Release|x64.ActiveCfg = Release|Any CPU
		{CA40C57A-EF4F-474D-BE8B-98E51AE62C1F}.Release|x64.Build.0 = Release|Any CPU
		{CA40C57A-EF4F-474D-BE8B-98E51AE62C1F}.Release|x86.ActiveCfg = Release|Any CPU
		{CA9339A0-9A7D-4900-839E-F21B7269BDAA}.Debug|Any CPU.ActiveCfg = Debug|Any CPU
		{CA9339A0-9A7D-4900-839E-F21B7269BDAA}.Debug|Any CPU.Build.0 = Debug|Any CPU
		{CA9339A0-9A7D-4900-839E-F21B7269BDAA}.Debug|Mixed Platforms.ActiveCfg = Debug|Any CPU
		{CA9339A0-9A7D-4900-839E-F21B7269BDAA}.Debug|Mixed Platforms.Build.0 = Debug|Any CPU
		{CA9339A0-9A7D-4900-839E-F21B7269BDAA}.Debug|x64.ActiveCfg = Debug|Any CPU
		{CA9339A0-9A7D-4900-839E-F21B7269BDAA}.Debug|x64.Build.0 = Debug|Any CPU
		{CA9339A0-9A7D-4900-839E-F21B7269BDAA}.Debug|x86.ActiveCfg = Debug|Any CPU
		{CA9339A0-9A7D-4900-839E-F21B7269BDAA}.Debug|x86.Build.0 = Debug|Any CPU
		{CA9339A0-9A7D-4900-839E-F21B7269BDAA}.Release|Any CPU.ActiveCfg = Release|Any CPU
		{CA9339A0-9A7D-4900-839E-F21B7269BDAA}.Release|Any CPU.Build.0 = Release|Any CPU
		{CA9339A0-9A7D-4900-839E-F21B7269BDAA}.Release|Mixed Platforms.ActiveCfg = Release|Any CPU
		{CA9339A0-9A7D-4900-839E-F21B7269BDAA}.Release|Mixed Platforms.Build.0 = Release|Any CPU
		{CA9339A0-9A7D-4900-839E-F21B7269BDAA}.Release|x64.ActiveCfg = Release|Any CPU
		{CA9339A0-9A7D-4900-839E-F21B7269BDAA}.Release|x64.Build.0 = Release|Any CPU
		{CA9339A0-9A7D-4900-839E-F21B7269BDAA}.Release|x86.ActiveCfg = Release|Any CPU
		{BC8B4EE5-C053-42E1-A5BA-07F8C41915A9}.Debug|Any CPU.ActiveCfg = Debug|Any CPU
		{BC8B4EE5-C053-42E1-A5BA-07F8C41915A9}.Debug|Any CPU.Build.0 = Debug|Any CPU
		{BC8B4EE5-C053-42E1-A5BA-07F8C41915A9}.Debug|Mixed Platforms.ActiveCfg = Debug|Any CPU
		{BC8B4EE5-C053-42E1-A5BA-07F8C41915A9}.Debug|Mixed Platforms.Build.0 = Debug|Any CPU
		{BC8B4EE5-C053-42E1-A5BA-07F8C41915A9}.Debug|x64.ActiveCfg = Debug|Any CPU
		{BC8B4EE5-C053-42E1-A5BA-07F8C41915A9}.Debug|x64.Build.0 = Debug|Any CPU
		{BC8B4EE5-C053-42E1-A5BA-07F8C41915A9}.Debug|x86.ActiveCfg = Debug|Any CPU
		{BC8B4EE5-C053-42E1-A5BA-07F8C41915A9}.Debug|x86.Build.0 = Debug|Any CPU
		{BC8B4EE5-C053-42E1-A5BA-07F8C41915A9}.Release|Any CPU.ActiveCfg = Release|Any CPU
		{BC8B4EE5-C053-42E1-A5BA-07F8C41915A9}.Release|Any CPU.Build.0 = Release|Any CPU
		{BC8B4EE5-C053-42E1-A5BA-07F8C41915A9}.Release|Mixed Platforms.ActiveCfg = Release|Any CPU
		{BC8B4EE5-C053-42E1-A5BA-07F8C41915A9}.Release|Mixed Platforms.Build.0 = Release|Any CPU
		{BC8B4EE5-C053-42E1-A5BA-07F8C41915A9}.Release|x64.ActiveCfg = Release|Any CPU
		{BC8B4EE5-C053-42E1-A5BA-07F8C41915A9}.Release|x64.Build.0 = Release|Any CPU
		{BC8B4EE5-C053-42E1-A5BA-07F8C41915A9}.Release|x86.ActiveCfg = Release|Any CPU
		{CCA7B157-A743-4A5A-A03B-B6B27CB2BE1C}.Debug|Any CPU.ActiveCfg = Debug|Any CPU
		{CCA7B157-A743-4A5A-A03B-B6B27CB2BE1C}.Debug|Any CPU.Build.0 = Debug|Any CPU
		{CCA7B157-A743-4A5A-A03B-B6B27CB2BE1C}.Debug|Mixed Platforms.ActiveCfg = Debug|Any CPU
		{CCA7B157-A743-4A5A-A03B-B6B27CB2BE1C}.Debug|Mixed Platforms.Build.0 = Debug|Any CPU
		{CCA7B157-A743-4A5A-A03B-B6B27CB2BE1C}.Debug|x64.ActiveCfg = Debug|Any CPU
		{CCA7B157-A743-4A5A-A03B-B6B27CB2BE1C}.Debug|x64.Build.0 = Debug|Any CPU
		{CCA7B157-A743-4A5A-A03B-B6B27CB2BE1C}.Debug|x86.ActiveCfg = Debug|Any CPU
		{CCA7B157-A743-4A5A-A03B-B6B27CB2BE1C}.Debug|x86.Build.0 = Debug|Any CPU
		{CCA7B157-A743-4A5A-A03B-B6B27CB2BE1C}.Release|Any CPU.ActiveCfg = Release|Any CPU
		{CCA7B157-A743-4A5A-A03B-B6B27CB2BE1C}.Release|Any CPU.Build.0 = Release|Any CPU
		{CCA7B157-A743-4A5A-A03B-B6B27CB2BE1C}.Release|Mixed Platforms.ActiveCfg = Release|Any CPU
		{CCA7B157-A743-4A5A-A03B-B6B27CB2BE1C}.Release|Mixed Platforms.Build.0 = Release|Any CPU
		{CCA7B157-A743-4A5A-A03B-B6B27CB2BE1C}.Release|x64.ActiveCfg = Release|Any CPU
		{CCA7B157-A743-4A5A-A03B-B6B27CB2BE1C}.Release|x64.Build.0 = Release|Any CPU
		{CCA7B157-A743-4A5A-A03B-B6B27CB2BE1C}.Release|x86.ActiveCfg = Release|Any CPU
		{8F514FFE-EE16-49B0-96F6-503DA3CCF332}.Debug|Any CPU.ActiveCfg = Debug|Any CPU
		{8F514FFE-EE16-49B0-96F6-503DA3CCF332}.Debug|Any CPU.Build.0 = Debug|Any CPU
		{8F514FFE-EE16-49B0-96F6-503DA3CCF332}.Debug|Mixed Platforms.ActiveCfg = Debug|Any CPU
		{8F514FFE-EE16-49B0-96F6-503DA3CCF332}.Debug|Mixed Platforms.Build.0 = Debug|Any CPU
		{8F514FFE-EE16-49B0-96F6-503DA3CCF332}.Debug|x64.ActiveCfg = Debug|Any CPU
		{8F514FFE-EE16-49B0-96F6-503DA3CCF332}.Debug|x64.Build.0 = Debug|Any CPU
		{8F514FFE-EE16-49B0-96F6-503DA3CCF332}.Debug|x86.ActiveCfg = Debug|Any CPU
		{8F514FFE-EE16-49B0-96F6-503DA3CCF332}.Debug|x86.Build.0 = Debug|Any CPU
		{8F514FFE-EE16-49B0-96F6-503DA3CCF332}.Release|Any CPU.ActiveCfg = Release|Any CPU
		{8F514FFE-EE16-49B0-96F6-503DA3CCF332}.Release|Any CPU.Build.0 = Release|Any CPU
		{8F514FFE-EE16-49B0-96F6-503DA3CCF332}.Release|Mixed Platforms.ActiveCfg = Release|Any CPU
		{8F514FFE-EE16-49B0-96F6-503DA3CCF332}.Release|Mixed Platforms.Build.0 = Release|Any CPU
		{8F514FFE-EE16-49B0-96F6-503DA3CCF332}.Release|x64.ActiveCfg = Release|Any CPU
		{8F514FFE-EE16-49B0-96F6-503DA3CCF332}.Release|x64.Build.0 = Release|Any CPU
		{8F514FFE-EE16-49B0-96F6-503DA3CCF332}.Release|x86.ActiveCfg = Release|Any CPU
		{EF380B2A-1171-4A9F-96D0-176ABA6CAD74}.Debug|Any CPU.ActiveCfg = Debug|Any CPU
		{EF380B2A-1171-4A9F-96D0-176ABA6CAD74}.Debug|Any CPU.Build.0 = Debug|Any CPU
		{EF380B2A-1171-4A9F-96D0-176ABA6CAD74}.Debug|Mixed Platforms.ActiveCfg = Debug|Any CPU
		{EF380B2A-1171-4A9F-96D0-176ABA6CAD74}.Debug|Mixed Platforms.Build.0 = Debug|Any CPU
		{EF380B2A-1171-4A9F-96D0-176ABA6CAD74}.Debug|x64.ActiveCfg = Debug|Any CPU
		{EF380B2A-1171-4A9F-96D0-176ABA6CAD74}.Debug|x64.Build.0 = Debug|Any CPU
		{EF380B2A-1171-4A9F-96D0-176ABA6CAD74}.Debug|x86.ActiveCfg = Debug|Any CPU
		{EF380B2A-1171-4A9F-96D0-176ABA6CAD74}.Debug|x86.Build.0 = Debug|Any CPU
		{EF380B2A-1171-4A9F-96D0-176ABA6CAD74}.Release|Any CPU.ActiveCfg = Release|Any CPU
		{EF380B2A-1171-4A9F-96D0-176ABA6CAD74}.Release|Any CPU.Build.0 = Release|Any CPU
		{EF380B2A-1171-4A9F-96D0-176ABA6CAD74}.Release|Mixed Platforms.ActiveCfg = Release|Any CPU
		{EF380B2A-1171-4A9F-96D0-176ABA6CAD74}.Release|Mixed Platforms.Build.0 = Release|Any CPU
		{EF380B2A-1171-4A9F-96D0-176ABA6CAD74}.Release|x64.ActiveCfg = Release|Any CPU
		{EF380B2A-1171-4A9F-96D0-176ABA6CAD74}.Release|x64.Build.0 = Release|Any CPU
		{EF380B2A-1171-4A9F-96D0-176ABA6CAD74}.Release|x86.ActiveCfg = Release|Any CPU
		{221FB0E1-56C0-499C-82F3-BA4060D6ED0C}.Debug|Any CPU.ActiveCfg = Debug|Any CPU
		{221FB0E1-56C0-499C-82F3-BA4060D6ED0C}.Debug|Any CPU.Build.0 = Debug|Any CPU
		{221FB0E1-56C0-499C-82F3-BA4060D6ED0C}.Debug|Mixed Platforms.ActiveCfg = Debug|Any CPU
		{221FB0E1-56C0-499C-82F3-BA4060D6ED0C}.Debug|Mixed Platforms.Build.0 = Debug|Any CPU
		{221FB0E1-56C0-499C-82F3-BA4060D6ED0C}.Debug|x64.ActiveCfg = Debug|Any CPU
		{221FB0E1-56C0-499C-82F3-BA4060D6ED0C}.Debug|x64.Build.0 = Debug|Any CPU
		{221FB0E1-56C0-499C-82F3-BA4060D6ED0C}.Debug|x86.ActiveCfg = Debug|Any CPU
		{221FB0E1-56C0-499C-82F3-BA4060D6ED0C}.Debug|x86.Build.0 = Debug|Any CPU
		{221FB0E1-56C0-499C-82F3-BA4060D6ED0C}.Release|Any CPU.ActiveCfg = Release|Any CPU
		{221FB0E1-56C0-499C-82F3-BA4060D6ED0C}.Release|Any CPU.Build.0 = Release|Any CPU
		{221FB0E1-56C0-499C-82F3-BA4060D6ED0C}.Release|Mixed Platforms.ActiveCfg = Release|Any CPU
		{221FB0E1-56C0-499C-82F3-BA4060D6ED0C}.Release|Mixed Platforms.Build.0 = Release|Any CPU
		{221FB0E1-56C0-499C-82F3-BA4060D6ED0C}.Release|x64.ActiveCfg = Release|Any CPU
		{221FB0E1-56C0-499C-82F3-BA4060D6ED0C}.Release|x64.Build.0 = Release|Any CPU
		{221FB0E1-56C0-499C-82F3-BA4060D6ED0C}.Release|x86.ActiveCfg = Release|Any CPU
		{A124D359-B9BF-44F4-98CB-C40D3D490839}.Debug|Any CPU.ActiveCfg = Debug|Any CPU
		{A124D359-B9BF-44F4-98CB-C40D3D490839}.Debug|Any CPU.Build.0 = Debug|Any CPU
		{A124D359-B9BF-44F4-98CB-C40D3D490839}.Debug|Mixed Platforms.ActiveCfg = Debug|Any CPU
		{A124D359-B9BF-44F4-98CB-C40D3D490839}.Debug|Mixed Platforms.Build.0 = Debug|Any CPU
		{A124D359-B9BF-44F4-98CB-C40D3D490839}.Debug|x64.ActiveCfg = Debug|Any CPU
		{A124D359-B9BF-44F4-98CB-C40D3D490839}.Debug|x64.Build.0 = Debug|Any CPU
		{A124D359-B9BF-44F4-98CB-C40D3D490839}.Debug|x86.ActiveCfg = Debug|Any CPU
		{A124D359-B9BF-44F4-98CB-C40D3D490839}.Debug|x86.Build.0 = Debug|Any CPU
		{A124D359-B9BF-44F4-98CB-C40D3D490839}.Release|Any CPU.ActiveCfg = Release|Any CPU
		{A124D359-B9BF-44F4-98CB-C40D3D490839}.Release|Any CPU.Build.0 = Release|Any CPU
		{A124D359-B9BF-44F4-98CB-C40D3D490839}.Release|Mixed Platforms.ActiveCfg = Release|Any CPU
		{A124D359-B9BF-44F4-98CB-C40D3D490839}.Release|Mixed Platforms.Build.0 = Release|Any CPU
		{A124D359-B9BF-44F4-98CB-C40D3D490839}.Release|x64.ActiveCfg = Release|Any CPU
		{A124D359-B9BF-44F4-98CB-C40D3D490839}.Release|x64.Build.0 = Release|Any CPU
		{A124D359-B9BF-44F4-98CB-C40D3D490839}.Release|x86.ActiveCfg = Release|Any CPU
		{02B6C2D7-3083-4DF3-B86D-B6D4728C4EF2}.Debug|Any CPU.ActiveCfg = Debug|Any CPU
		{02B6C2D7-3083-4DF3-B86D-B6D4728C4EF2}.Debug|Any CPU.Build.0 = Debug|Any CPU
		{02B6C2D7-3083-4DF3-B86D-B6D4728C4EF2}.Debug|Mixed Platforms.ActiveCfg = Debug|Any CPU
		{02B6C2D7-3083-4DF3-B86D-B6D4728C4EF2}.Debug|Mixed Platforms.Build.0 = Debug|Any CPU
		{02B6C2D7-3083-4DF3-B86D-B6D4728C4EF2}.Debug|x64.ActiveCfg = Debug|Any CPU
		{02B6C2D7-3083-4DF3-B86D-B6D4728C4EF2}.Debug|x64.Build.0 = Debug|Any CPU
		{02B6C2D7-3083-4DF3-B86D-B6D4728C4EF2}.Debug|x86.ActiveCfg = Debug|Any CPU
		{02B6C2D7-3083-4DF3-B86D-B6D4728C4EF2}.Debug|x86.Build.0 = Debug|Any CPU
		{02B6C2D7-3083-4DF3-B86D-B6D4728C4EF2}.Release|Any CPU.ActiveCfg = Release|Any CPU
		{02B6C2D7-3083-4DF3-B86D-B6D4728C4EF2}.Release|Any CPU.Build.0 = Release|Any CPU
		{02B6C2D7-3083-4DF3-B86D-B6D4728C4EF2}.Release|Mixed Platforms.ActiveCfg = Release|Any CPU
		{02B6C2D7-3083-4DF3-B86D-B6D4728C4EF2}.Release|Mixed Platforms.Build.0 = Release|Any CPU
		{02B6C2D7-3083-4DF3-B86D-B6D4728C4EF2}.Release|x64.ActiveCfg = Release|Any CPU
		{02B6C2D7-3083-4DF3-B86D-B6D4728C4EF2}.Release|x64.Build.0 = Release|Any CPU
		{02B6C2D7-3083-4DF3-B86D-B6D4728C4EF2}.Release|x86.ActiveCfg = Release|Any CPU
		{02B6C2D7-3083-4DF3-B86D-B6D4728C4EF2}.Release|x86.Build.0 = Release|Any CPU
		{46623BF6-DF60-4A1A-AADF-C0BECE17FE74}.Debug|Any CPU.ActiveCfg = Debug|Any CPU
		{46623BF6-DF60-4A1A-AADF-C0BECE17FE74}.Debug|Any CPU.Build.0 = Debug|Any CPU
		{46623BF6-DF60-4A1A-AADF-C0BECE17FE74}.Debug|Mixed Platforms.ActiveCfg = Debug|Any CPU
		{46623BF6-DF60-4A1A-AADF-C0BECE17FE74}.Debug|Mixed Platforms.Build.0 = Debug|Any CPU
		{46623BF6-DF60-4A1A-AADF-C0BECE17FE74}.Debug|x64.ActiveCfg = Debug|Any CPU
		{46623BF6-DF60-4A1A-AADF-C0BECE17FE74}.Debug|x64.Build.0 = Debug|Any CPU
		{46623BF6-DF60-4A1A-AADF-C0BECE17FE74}.Debug|x86.ActiveCfg = Debug|Any CPU
		{46623BF6-DF60-4A1A-AADF-C0BECE17FE74}.Debug|x86.Build.0 = Debug|Any CPU
		{46623BF6-DF60-4A1A-AADF-C0BECE17FE74}.Release|Any CPU.ActiveCfg = Release|Any CPU
		{46623BF6-DF60-4A1A-AADF-C0BECE17FE74}.Release|Any CPU.Build.0 = Release|Any CPU
		{46623BF6-DF60-4A1A-AADF-C0BECE17FE74}.Release|Mixed Platforms.ActiveCfg = Release|Any CPU
		{46623BF6-DF60-4A1A-AADF-C0BECE17FE74}.Release|Mixed Platforms.Build.0 = Release|Any CPU
		{46623BF6-DF60-4A1A-AADF-C0BECE17FE74}.Release|x64.ActiveCfg = Release|Any CPU
		{46623BF6-DF60-4A1A-AADF-C0BECE17FE74}.Release|x64.Build.0 = Release|Any CPU
		{46623BF6-DF60-4A1A-AADF-C0BECE17FE74}.Release|x86.ActiveCfg = Release|Any CPU
		{46623BF6-DF60-4A1A-AADF-C0BECE17FE74}.Release|x86.Build.0 = Release|Any CPU
		{3748B30C-ABF5-4DEE-9F22-74E4F69FFF78}.Debug|Any CPU.ActiveCfg = Debug|Any CPU
		{3748B30C-ABF5-4DEE-9F22-74E4F69FFF78}.Debug|Any CPU.Build.0 = Debug|Any CPU
		{3748B30C-ABF5-4DEE-9F22-74E4F69FFF78}.Debug|Mixed Platforms.ActiveCfg = Debug|Any CPU
		{3748B30C-ABF5-4DEE-9F22-74E4F69FFF78}.Debug|Mixed Platforms.Build.0 = Debug|Any CPU
		{3748B30C-ABF5-4DEE-9F22-74E4F69FFF78}.Debug|x64.ActiveCfg = Debug|Any CPU
		{3748B30C-ABF5-4DEE-9F22-74E4F69FFF78}.Debug|x64.Build.0 = Debug|Any CPU
		{3748B30C-ABF5-4DEE-9F22-74E4F69FFF78}.Debug|x86.ActiveCfg = Debug|Any CPU
		{3748B30C-ABF5-4DEE-9F22-74E4F69FFF78}.Debug|x86.Build.0 = Debug|Any CPU
		{3748B30C-ABF5-4DEE-9F22-74E4F69FFF78}.Release|Any CPU.ActiveCfg = Release|Any CPU
		{3748B30C-ABF5-4DEE-9F22-74E4F69FFF78}.Release|Any CPU.Build.0 = Release|Any CPU
		{3748B30C-ABF5-4DEE-9F22-74E4F69FFF78}.Release|Mixed Platforms.ActiveCfg = Release|Any CPU
		{3748B30C-ABF5-4DEE-9F22-74E4F69FFF78}.Release|Mixed Platforms.Build.0 = Release|Any CPU
		{3748B30C-ABF5-4DEE-9F22-74E4F69FFF78}.Release|x64.ActiveCfg = Release|Any CPU
		{3748B30C-ABF5-4DEE-9F22-74E4F69FFF78}.Release|x64.Build.0 = Release|Any CPU
		{3748B30C-ABF5-4DEE-9F22-74E4F69FFF78}.Release|x86.ActiveCfg = Release|Any CPU
		{3748B30C-ABF5-4DEE-9F22-74E4F69FFF78}.Release|x86.Build.0 = Release|Any CPU
		{293D8E00-5C24-4E62-9BF7-4E0FB224D1BA}.Debug|Any CPU.ActiveCfg = Debug|Any CPU
		{293D8E00-5C24-4E62-9BF7-4E0FB224D1BA}.Debug|Any CPU.Build.0 = Debug|Any CPU
		{293D8E00-5C24-4E62-9BF7-4E0FB224D1BA}.Debug|Mixed Platforms.ActiveCfg = Debug|Any CPU
		{293D8E00-5C24-4E62-9BF7-4E0FB224D1BA}.Debug|Mixed Platforms.Build.0 = Debug|Any CPU
		{293D8E00-5C24-4E62-9BF7-4E0FB224D1BA}.Debug|x64.ActiveCfg = Debug|Any CPU
		{293D8E00-5C24-4E62-9BF7-4E0FB224D1BA}.Debug|x64.Build.0 = Debug|Any CPU
		{293D8E00-5C24-4E62-9BF7-4E0FB224D1BA}.Debug|x86.ActiveCfg = Debug|Any CPU
		{293D8E00-5C24-4E62-9BF7-4E0FB224D1BA}.Debug|x86.Build.0 = Debug|Any CPU
		{293D8E00-5C24-4E62-9BF7-4E0FB224D1BA}.Release|Any CPU.ActiveCfg = Release|Any CPU
		{293D8E00-5C24-4E62-9BF7-4E0FB224D1BA}.Release|Any CPU.Build.0 = Release|Any CPU
		{293D8E00-5C24-4E62-9BF7-4E0FB224D1BA}.Release|Mixed Platforms.ActiveCfg = Release|Any CPU
		{293D8E00-5C24-4E62-9BF7-4E0FB224D1BA}.Release|Mixed Platforms.Build.0 = Release|Any CPU
		{293D8E00-5C24-4E62-9BF7-4E0FB224D1BA}.Release|x64.ActiveCfg = Release|Any CPU
		{293D8E00-5C24-4E62-9BF7-4E0FB224D1BA}.Release|x64.Build.0 = Release|Any CPU
		{293D8E00-5C24-4E62-9BF7-4E0FB224D1BA}.Release|x86.ActiveCfg = Release|Any CPU
		{293D8E00-5C24-4E62-9BF7-4E0FB224D1BA}.Release|x86.Build.0 = Release|Any CPU
		{5C870AB3-89F2-4E24-AE5D-3593EC816495}.Debug|Any CPU.ActiveCfg = Debug|Any CPU
		{5C870AB3-89F2-4E24-AE5D-3593EC816495}.Debug|Any CPU.Build.0 = Debug|Any CPU
		{5C870AB3-89F2-4E24-AE5D-3593EC816495}.Debug|Mixed Platforms.ActiveCfg = Debug|Any CPU
		{5C870AB3-89F2-4E24-AE5D-3593EC816495}.Debug|Mixed Platforms.Build.0 = Debug|Any CPU
		{5C870AB3-89F2-4E24-AE5D-3593EC816495}.Debug|x64.ActiveCfg = Debug|Any CPU
		{5C870AB3-89F2-4E24-AE5D-3593EC816495}.Debug|x64.Build.0 = Debug|Any CPU
		{5C870AB3-89F2-4E24-AE5D-3593EC816495}.Debug|x86.ActiveCfg = Debug|Any CPU
		{5C870AB3-89F2-4E24-AE5D-3593EC816495}.Debug|x86.Build.0 = Debug|Any CPU
		{5C870AB3-89F2-4E24-AE5D-3593EC816495}.Release|Any CPU.ActiveCfg = Release|Any CPU
		{5C870AB3-89F2-4E24-AE5D-3593EC816495}.Release|Any CPU.Build.0 = Release|Any CPU
		{5C870AB3-89F2-4E24-AE5D-3593EC816495}.Release|Mixed Platforms.ActiveCfg = Release|Any CPU
		{5C870AB3-89F2-4E24-AE5D-3593EC816495}.Release|Mixed Platforms.Build.0 = Release|Any CPU
		{5C870AB3-89F2-4E24-AE5D-3593EC816495}.Release|x64.ActiveCfg = Release|Any CPU
		{5C870AB3-89F2-4E24-AE5D-3593EC816495}.Release|x64.Build.0 = Release|Any CPU
		{5C870AB3-89F2-4E24-AE5D-3593EC816495}.Release|x86.ActiveCfg = Release|Any CPU
		{5C870AB3-89F2-4E24-AE5D-3593EC816495}.Release|x86.Build.0 = Release|Any CPU
		{8A60BF81-02D6-4449-8B9F-572BA4051C82}.Debug|Any CPU.ActiveCfg = Debug|Any CPU
		{8A60BF81-02D6-4449-8B9F-572BA4051C82}.Debug|Any CPU.Build.0 = Debug|Any CPU
		{8A60BF81-02D6-4449-8B9F-572BA4051C82}.Debug|Mixed Platforms.ActiveCfg = Debug|Any CPU
		{8A60BF81-02D6-4449-8B9F-572BA4051C82}.Debug|Mixed Platforms.Build.0 = Debug|Any CPU
		{8A60BF81-02D6-4449-8B9F-572BA4051C82}.Debug|x64.ActiveCfg = Debug|Any CPU
		{8A60BF81-02D6-4449-8B9F-572BA4051C82}.Debug|x64.Build.0 = Debug|Any CPU
		{8A60BF81-02D6-4449-8B9F-572BA4051C82}.Debug|x86.ActiveCfg = Debug|Any CPU
		{8A60BF81-02D6-4449-8B9F-572BA4051C82}.Debug|x86.Build.0 = Debug|Any CPU
		{8A60BF81-02D6-4449-8B9F-572BA4051C82}.Release|Any CPU.ActiveCfg = Release|Any CPU
		{8A60BF81-02D6-4449-8B9F-572BA4051C82}.Release|Any CPU.Build.0 = Release|Any CPU
		{8A60BF81-02D6-4449-8B9F-572BA4051C82}.Release|Mixed Platforms.ActiveCfg = Release|Any CPU
		{8A60BF81-02D6-4449-8B9F-572BA4051C82}.Release|Mixed Platforms.Build.0 = Release|Any CPU
		{8A60BF81-02D6-4449-8B9F-572BA4051C82}.Release|x64.ActiveCfg = Release|Any CPU
		{8A60BF81-02D6-4449-8B9F-572BA4051C82}.Release|x64.Build.0 = Release|Any CPU
		{8A60BF81-02D6-4449-8B9F-572BA4051C82}.Release|x86.ActiveCfg = Release|Any CPU
		{8A60BF81-02D6-4449-8B9F-572BA4051C82}.Release|x86.Build.0 = Release|Any CPU
		{B91B2024-3F75-4DF7-8DCC-111FB5CCAF5D}.Debug|Any CPU.ActiveCfg = Debug|Any CPU
		{B91B2024-3F75-4DF7-8DCC-111FB5CCAF5D}.Debug|Any CPU.Build.0 = Debug|Any CPU
		{B91B2024-3F75-4DF7-8DCC-111FB5CCAF5D}.Debug|Mixed Platforms.ActiveCfg = Debug|Any CPU
		{B91B2024-3F75-4DF7-8DCC-111FB5CCAF5D}.Debug|Mixed Platforms.Build.0 = Debug|Any CPU
		{B91B2024-3F75-4DF7-8DCC-111FB5CCAF5D}.Debug|x64.ActiveCfg = Debug|Any CPU
		{B91B2024-3F75-4DF7-8DCC-111FB5CCAF5D}.Debug|x64.Build.0 = Debug|Any CPU
		{B91B2024-3F75-4DF7-8DCC-111FB5CCAF5D}.Debug|x86.ActiveCfg = Debug|Any CPU
		{B91B2024-3F75-4DF7-8DCC-111FB5CCAF5D}.Debug|x86.Build.0 = Debug|Any CPU
		{B91B2024-3F75-4DF7-8DCC-111FB5CCAF5D}.Release|Any CPU.ActiveCfg = Release|Any CPU
		{B91B2024-3F75-4DF7-8DCC-111FB5CCAF5D}.Release|Any CPU.Build.0 = Release|Any CPU
		{B91B2024-3F75-4DF7-8DCC-111FB5CCAF5D}.Release|Mixed Platforms.ActiveCfg = Release|Any CPU
		{B91B2024-3F75-4DF7-8DCC-111FB5CCAF5D}.Release|Mixed Platforms.Build.0 = Release|Any CPU
		{B91B2024-3F75-4DF7-8DCC-111FB5CCAF5D}.Release|x64.ActiveCfg = Release|Any CPU
		{B91B2024-3F75-4DF7-8DCC-111FB5CCAF5D}.Release|x64.Build.0 = Release|Any CPU
		{B91B2024-3F75-4DF7-8DCC-111FB5CCAF5D}.Release|x86.ActiveCfg = Release|Any CPU
		{B91B2024-3F75-4DF7-8DCC-111FB5CCAF5D}.Release|x86.Build.0 = Release|Any CPU
		{18190C9C-1642-4814-8CEF-C6675342853B}.Debug|Any CPU.ActiveCfg = Debug|Any CPU
		{18190C9C-1642-4814-8CEF-C6675342853B}.Debug|Any CPU.Build.0 = Debug|Any CPU
		{18190C9C-1642-4814-8CEF-C6675342853B}.Debug|Mixed Platforms.ActiveCfg = Debug|Any CPU
		{18190C9C-1642-4814-8CEF-C6675342853B}.Debug|Mixed Platforms.Build.0 = Debug|Any CPU
		{18190C9C-1642-4814-8CEF-C6675342853B}.Debug|x64.ActiveCfg = Debug|Any CPU
		{18190C9C-1642-4814-8CEF-C6675342853B}.Debug|x64.Build.0 = Debug|Any CPU
		{18190C9C-1642-4814-8CEF-C6675342853B}.Debug|x86.ActiveCfg = Debug|Any CPU
		{18190C9C-1642-4814-8CEF-C6675342853B}.Debug|x86.Build.0 = Debug|Any CPU
		{18190C9C-1642-4814-8CEF-C6675342853B}.Release|Any CPU.ActiveCfg = Release|Any CPU
		{18190C9C-1642-4814-8CEF-C6675342853B}.Release|Any CPU.Build.0 = Release|Any CPU
		{18190C9C-1642-4814-8CEF-C6675342853B}.Release|Mixed Platforms.ActiveCfg = Release|Any CPU
		{18190C9C-1642-4814-8CEF-C6675342853B}.Release|Mixed Platforms.Build.0 = Release|Any CPU
		{18190C9C-1642-4814-8CEF-C6675342853B}.Release|x64.ActiveCfg = Release|Any CPU
		{18190C9C-1642-4814-8CEF-C6675342853B}.Release|x64.Build.0 = Release|Any CPU
		{18190C9C-1642-4814-8CEF-C6675342853B}.Release|x86.ActiveCfg = Release|Any CPU
		{18190C9C-1642-4814-8CEF-C6675342853B}.Release|x86.Build.0 = Release|Any CPU
		{4BA57663-92B2-43DF-9505-759B0C28EEB1}.Debug|Any CPU.ActiveCfg = Debug|Any CPU
		{4BA57663-92B2-43DF-9505-759B0C28EEB1}.Debug|Any CPU.Build.0 = Debug|Any CPU
		{4BA57663-92B2-43DF-9505-759B0C28EEB1}.Debug|Mixed Platforms.ActiveCfg = Debug|Any CPU
		{4BA57663-92B2-43DF-9505-759B0C28EEB1}.Debug|Mixed Platforms.Build.0 = Debug|Any CPU
		{4BA57663-92B2-43DF-9505-759B0C28EEB1}.Debug|x64.ActiveCfg = Debug|Any CPU
		{4BA57663-92B2-43DF-9505-759B0C28EEB1}.Debug|x64.Build.0 = Debug|Any CPU
		{4BA57663-92B2-43DF-9505-759B0C28EEB1}.Debug|x86.ActiveCfg = Debug|Any CPU
		{4BA57663-92B2-43DF-9505-759B0C28EEB1}.Debug|x86.Build.0 = Debug|Any CPU
		{4BA57663-92B2-43DF-9505-759B0C28EEB1}.Release|Any CPU.ActiveCfg = Release|Any CPU
		{4BA57663-92B2-43DF-9505-759B0C28EEB1}.Release|Any CPU.Build.0 = Release|Any CPU
		{4BA57663-92B2-43DF-9505-759B0C28EEB1}.Release|Mixed Platforms.ActiveCfg = Release|Any CPU
		{4BA57663-92B2-43DF-9505-759B0C28EEB1}.Release|Mixed Platforms.Build.0 = Release|Any CPU
		{4BA57663-92B2-43DF-9505-759B0C28EEB1}.Release|x64.ActiveCfg = Release|Any CPU
		{4BA57663-92B2-43DF-9505-759B0C28EEB1}.Release|x64.Build.0 = Release|Any CPU
		{4BA57663-92B2-43DF-9505-759B0C28EEB1}.Release|x86.ActiveCfg = Release|Any CPU
		{4BA57663-92B2-43DF-9505-759B0C28EEB1}.Release|x86.Build.0 = Release|Any CPU
		{D9AD90F9-BF6D-4C46-8546-3BED9FF93450}.Debug|Any CPU.ActiveCfg = Debug|Any CPU
		{D9AD90F9-BF6D-4C46-8546-3BED9FF93450}.Debug|Any CPU.Build.0 = Debug|Any CPU
		{D9AD90F9-BF6D-4C46-8546-3BED9FF93450}.Debug|Mixed Platforms.ActiveCfg = Debug|Any CPU
		{D9AD90F9-BF6D-4C46-8546-3BED9FF93450}.Debug|Mixed Platforms.Build.0 = Debug|Any CPU
		{D9AD90F9-BF6D-4C46-8546-3BED9FF93450}.Debug|x64.ActiveCfg = Debug|Any CPU
		{D9AD90F9-BF6D-4C46-8546-3BED9FF93450}.Debug|x64.Build.0 = Debug|Any CPU
		{D9AD90F9-BF6D-4C46-8546-3BED9FF93450}.Debug|x86.ActiveCfg = Debug|Any CPU
		{D9AD90F9-BF6D-4C46-8546-3BED9FF93450}.Debug|x86.Build.0 = Debug|Any CPU
		{D9AD90F9-BF6D-4C46-8546-3BED9FF93450}.Release|Any CPU.ActiveCfg = Release|Any CPU
		{D9AD90F9-BF6D-4C46-8546-3BED9FF93450}.Release|Any CPU.Build.0 = Release|Any CPU
		{D9AD90F9-BF6D-4C46-8546-3BED9FF93450}.Release|Mixed Platforms.ActiveCfg = Release|Any CPU
		{D9AD90F9-BF6D-4C46-8546-3BED9FF93450}.Release|Mixed Platforms.Build.0 = Release|Any CPU
		{D9AD90F9-BF6D-4C46-8546-3BED9FF93450}.Release|x64.ActiveCfg = Release|Any CPU
		{D9AD90F9-BF6D-4C46-8546-3BED9FF93450}.Release|x64.Build.0 = Release|Any CPU
		{D9AD90F9-BF6D-4C46-8546-3BED9FF93450}.Release|x86.ActiveCfg = Release|Any CPU
		{D9AD90F9-BF6D-4C46-8546-3BED9FF93450}.Release|x86.Build.0 = Release|Any CPU
		{BAF47B46-A2DC-4B9E-951C-62DF9195FC97}.Debug|Any CPU.ActiveCfg = Debug|Any CPU
		{BAF47B46-A2DC-4B9E-951C-62DF9195FC97}.Debug|Any CPU.Build.0 = Debug|Any CPU
		{BAF47B46-A2DC-4B9E-951C-62DF9195FC97}.Debug|Mixed Platforms.ActiveCfg = Debug|Any CPU
		{BAF47B46-A2DC-4B9E-951C-62DF9195FC97}.Debug|Mixed Platforms.Build.0 = Debug|Any CPU
		{BAF47B46-A2DC-4B9E-951C-62DF9195FC97}.Debug|x64.ActiveCfg = Debug|Any CPU
		{BAF47B46-A2DC-4B9E-951C-62DF9195FC97}.Debug|x64.Build.0 = Debug|Any CPU
		{BAF47B46-A2DC-4B9E-951C-62DF9195FC97}.Debug|x86.ActiveCfg = Debug|Any CPU
		{BAF47B46-A2DC-4B9E-951C-62DF9195FC97}.Debug|x86.Build.0 = Debug|Any CPU
		{BAF47B46-A2DC-4B9E-951C-62DF9195FC97}.Release|Any CPU.ActiveCfg = Release|Any CPU
		{BAF47B46-A2DC-4B9E-951C-62DF9195FC97}.Release|Any CPU.Build.0 = Release|Any CPU
		{BAF47B46-A2DC-4B9E-951C-62DF9195FC97}.Release|Mixed Platforms.ActiveCfg = Release|Any CPU
		{BAF47B46-A2DC-4B9E-951C-62DF9195FC97}.Release|Mixed Platforms.Build.0 = Release|Any CPU
		{BAF47B46-A2DC-4B9E-951C-62DF9195FC97}.Release|x64.ActiveCfg = Release|Any CPU
		{BAF47B46-A2DC-4B9E-951C-62DF9195FC97}.Release|x64.Build.0 = Release|Any CPU
		{BAF47B46-A2DC-4B9E-951C-62DF9195FC97}.Release|x86.ActiveCfg = Release|Any CPU
		{BAF47B46-A2DC-4B9E-951C-62DF9195FC97}.Release|x86.Build.0 = Release|Any CPU
		{9C3A325B-61BE-40C2-9A77-D790212F1A22}.Debug|Any CPU.ActiveCfg = Debug|Any CPU
		{9C3A325B-61BE-40C2-9A77-D790212F1A22}.Debug|Any CPU.Build.0 = Debug|Any CPU
		{9C3A325B-61BE-40C2-9A77-D790212F1A22}.Debug|Mixed Platforms.ActiveCfg = Debug|Any CPU
		{9C3A325B-61BE-40C2-9A77-D790212F1A22}.Debug|Mixed Platforms.Build.0 = Debug|Any CPU
		{9C3A325B-61BE-40C2-9A77-D790212F1A22}.Debug|x64.ActiveCfg = Debug|Any CPU
		{9C3A325B-61BE-40C2-9A77-D790212F1A22}.Debug|x64.Build.0 = Debug|Any CPU
		{9C3A325B-61BE-40C2-9A77-D790212F1A22}.Debug|x86.ActiveCfg = Debug|Any CPU
		{9C3A325B-61BE-40C2-9A77-D790212F1A22}.Debug|x86.Build.0 = Debug|Any CPU
		{9C3A325B-61BE-40C2-9A77-D790212F1A22}.Release|Any CPU.ActiveCfg = Release|Any CPU
		{9C3A325B-61BE-40C2-9A77-D790212F1A22}.Release|Any CPU.Build.0 = Release|Any CPU
		{9C3A325B-61BE-40C2-9A77-D790212F1A22}.Release|Mixed Platforms.ActiveCfg = Release|Any CPU
		{9C3A325B-61BE-40C2-9A77-D790212F1A22}.Release|Mixed Platforms.Build.0 = Release|Any CPU
		{9C3A325B-61BE-40C2-9A77-D790212F1A22}.Release|x64.ActiveCfg = Release|Any CPU
		{9C3A325B-61BE-40C2-9A77-D790212F1A22}.Release|x64.Build.0 = Release|Any CPU
		{9C3A325B-61BE-40C2-9A77-D790212F1A22}.Release|x86.ActiveCfg = Release|Any CPU
		{9C3A325B-61BE-40C2-9A77-D790212F1A22}.Release|x86.Build.0 = Release|Any CPU
	EndGlobalSection
	GlobalSection(SolutionProperties) = preSolution
		HideSolutionNode = FALSE
	EndGlobalSection
	GlobalSection(NestedProjects) = preSolution
		{7479AF0F-C156-4844-AEC1-778FF1B854C8} = {12CD4F43-229C-4A9F-A2B0-8E1FF16EC6B2}
		{7A3FEDF8-DF96-4426-AA01-C2D4FD3E68C8} = {9285A641-C759-471D-A4FE-9C92C529128C}
		{CA40C57A-EF4F-474D-BE8B-98E51AE62C1F} = {9285A641-C759-471D-A4FE-9C92C529128C}
		{CA9339A0-9A7D-4900-839E-F21B7269BDAA} = {9285A641-C759-471D-A4FE-9C92C529128C}
		{BC8B4EE5-C053-42E1-A5BA-07F8C41915A9} = {9285A641-C759-471D-A4FE-9C92C529128C}
		{CCA7B157-A743-4A5A-A03B-B6B27CB2BE1C} = {9285A641-C759-471D-A4FE-9C92C529128C}
		{8F514FFE-EE16-49B0-96F6-503DA3CCF332} = {27597389-98A2-4AF7-8629-DC761E20EEDC}
		{12CD4F43-229C-4A9F-A2B0-8E1FF16EC6B2} = {AD1198CF-70E6-415E-BF0E-995E95FF7179}
		{EF380B2A-1171-4A9F-96D0-176ABA6CAD74} = {12CD4F43-229C-4A9F-A2B0-8E1FF16EC6B2}
		{221FB0E1-56C0-499C-82F3-BA4060D6ED0C} = {12CD4F43-229C-4A9F-A2B0-8E1FF16EC6B2}
		{A124D359-B9BF-44F4-98CB-C40D3D490839} = {AD1198CF-70E6-415E-BF0E-995E95FF7179}
		{02B6C2D7-3083-4DF3-B86D-B6D4728C4EF2} = {9285A641-C759-471D-A4FE-9C92C529128C}
		{46623BF6-DF60-4A1A-AADF-C0BECE17FE74} = {9285A641-C759-471D-A4FE-9C92C529128C}
		{3748B30C-ABF5-4DEE-9F22-74E4F69FFF78} = {9285A641-C759-471D-A4FE-9C92C529128C}
		{293D8E00-5C24-4E62-9BF7-4E0FB224D1BA} = {9285A641-C759-471D-A4FE-9C92C529128C}
		{5C870AB3-89F2-4E24-AE5D-3593EC816495} = {9285A641-C759-471D-A4FE-9C92C529128C}
		{8A60BF81-02D6-4449-8B9F-572BA4051C82} = {9285A641-C759-471D-A4FE-9C92C529128C}
		{B91B2024-3F75-4DF7-8DCC-111FB5CCAF5D} = {9285A641-C759-471D-A4FE-9C92C529128C}
		{18190C9C-1642-4814-8CEF-C6675342853B} = {27597389-98A2-4AF7-8629-DC761E20EEDC}
		{4BA57663-92B2-43DF-9505-759B0C28EEB1} = {27597389-98A2-4AF7-8629-DC761E20EEDC}
		{D9AD90F9-BF6D-4C46-8546-3BED9FF93450} = {9285A641-C759-471D-A4FE-9C92C529128C}
		{BAF47B46-A2DC-4B9E-951C-62DF9195FC97} = {9285A641-C759-471D-A4FE-9C92C529128C}
		{9C3A325B-61BE-40C2-9A77-D790212F1A22} = {27597389-98A2-4AF7-8629-DC761E20EEDC}
	EndGlobalSection
	GlobalSection(ExtensibilityGlobals) = postSolution
		SolutionGuid = {5F97C0C4-9F5F-48C7-ACB3-983A4AEF8C84}
	EndGlobalSection
	GlobalSection(SubversionScc) = preSolution
		Svn-Managed = True
		Manager = AnkhSVN - Subversion Support for Visual Studio
	EndGlobalSection
EndGlobal
